<?xml version="1.0" encoding="utf-8"?>
<Project ToolsVersion="4.0" xmlns="http://schemas.microsoft.com/developer/msbuild/2003">
  <ItemGroup>
    <Filter Include="include">
      <UniqueIdentifier>{e0b2c23c-2d9e-4fb9-8264-553df4991500}</UniqueIdentifier>
    </Filter>
    <Filter Include="src">
      <UniqueIdentifier>{0dca7917-a213-4073-ade1-9c907265e2c0}</UniqueIdentifier>
    </Filter>
    <Filter Include="include\bgfx">
      <UniqueIdentifier>{6ffb4909-e6f6-4203-ad18-a105e470616b}</UniqueIdentifier>
    </Filter>
    <Filter Include="include\bgfx\c99">
      <UniqueIdentifier>{aecefb0d-869a-4ce1-84dc-3ca1455f406a}</UniqueIdentifier>
    </Filter>
    <Filter Include="3rdparty">
      <UniqueIdentifier>{63af1c0c-57bf-42fa-8df3-d1a1e0111792}</UniqueIdentifier>
    </Filter>
    <Filter Include="3rdparty\ocornut-imgui">
      <UniqueIdentifier>{b25971dc-69b8-498a-a579-1995d236d512}</UniqueIdentifier>
    </Filter>
    <Filter Include="3rdparty\ib-compress">
      <UniqueIdentifier>{308be3dc-d0e6-4361-b5a9-c7ebaea33218}</UniqueIdentifier>
    </Filter>
    <Filter Include="3rdparty\ocornut-imgui\widgets">
      <UniqueIdentifier>{58a2cb86-4a2e-40a3-bd28-0720df2678eb}</UniqueIdentifier>
    </Filter>
  </ItemGroup>
  <ItemGroup>
    <ClCompile Include="..\..\..\..\Dependencies\bgfx\src\amalgamated.cpp">
      <Filter>src</Filter>
    </ClCompile>
    <ClCompile Include="..\..\..\..\Dependencies\bgfx\src\bgfx.cpp">
      <Filter>src</Filter>
    </ClCompile>
    <ClCompile Include="..\..\..\..\Dependencies\bgfx\src\debug_renderdoc.cpp">
      <Filter>src</Filter>
    </ClCompile>
    <ClCompile Include="..\..\..\..\Dependencies\bgfx\src\dxgi.cpp">
      <Filter>src</Filter>
    </ClCompile>
    <ClCompile Include="..\..\..\..\Dependencies\bgfx\src\glcontext_egl.cpp">
      <Filter>src</Filter>
    </ClCompile>
    <ClCompile Include="..\..\..\..\Dependencies\bgfx\src\glcontext_glx.cpp">
      <Filter>src</Filter>
    </ClCompile>
    <ClCompile Include="..\..\..\..\Dependencies\bgfx\src\glcontext_wgl.cpp">
      <Filter>src</Filter>
    </ClCompile>
    <ClCompile Include="..\..\..\..\Dependencies\bgfx\src\hmd.cpp">
      <Filter>src</Filter>
    </ClCompile>
    <ClCompile Include="..\..\..\..\Dependencies\bgfx\src\hmd_openvr.cpp">
      <Filter>src</Filter>
    </ClCompile>
    <ClCompile Include="..\..\..\..\Dependencies\bgfx\src\hmd_ovr.cpp">
      <Filter>src</Filter>
    </ClCompile>
    <ClCompile Include="..\..\..\..\Dependencies\bgfx\src\nvapi.cpp">
      <Filter>src</Filter>
    </ClCompile>
    <ClCompile Include="..\..\..\..\Dependencies\bgfx\src\renderer_d3d9.cpp">
      <Filter>src</Filter>
    </ClCompile>
    <ClCompile Include="..\..\..\..\Dependencies\bgfx\src\renderer_d3d11.cpp">
      <Filter>src</Filter>
    </ClCompile>
    <ClCompile Include="..\..\..\..\Dependencies\bgfx\src\renderer_d3d12.cpp">
      <Filter>src</Filter>
    </ClCompile>
    <ClCompile Include="..\..\..\..\Dependencies\bgfx\src\renderer_gl.cpp">
      <Filter>src</Filter>
    </ClCompile>
    <ClCompile Include="..\..\..\..\Dependencies\bgfx\src\renderer_gnm.cpp">
      <Filter>src</Filter>
    </ClCompile>
    <ClCompile Include="..\..\..\..\Dependencies\bgfx\src\renderer_noop.cpp">
      <Filter>src</Filter>
    </ClCompile>
    <ClCompile Include="..\..\..\..\Dependencies\bgfx\src\renderer_vk.cpp">
      <Filter>src</Filter>
    </ClCompile>
    <ClCompile Include="..\..\..\..\Dependencies\bgfx\src\shader.cpp">
      <Filter>src</Filter>
    </ClCompile>
    <ClCompile Include="..\..\..\..\Dependencies\bgfx\src\shader_dx9bc.cpp">
      <Filter>src</Filter>
    </ClCompile>
    <ClCompile Include="..\..\..\..\Dependencies\bgfx\src\shader_dxbc.cpp">
      <Filter>src</Filter>
    </ClCompile>
    <ClCompile Include="..\..\..\..\Dependencies\bgfx\src\shader_spirv.cpp">
      <Filter>src</Filter>
    </ClCompile>
    <ClCompile Include="..\..\..\..\Dependencies\bgfx\src\topology.cpp">
      <Filter>src</Filter>
    </ClCompile>
    <ClCompile Include="..\..\..\..\Dependencies\bgfx\src\vertexdecl.cpp">
      <Filter>src</Filter>
    </ClCompile>
    <ClCompile Include="..\..\..\..\Dependencies\bgfx\include\bgfx_utils.cpp">
      <Filter>include</Filter>
    </ClCompile>
    <ClCompile Include="..\..\..\..\Dependencies\bgfx\3rdparty\ocornut-imgui\imgui.cpp">
      <Filter>3rdparty\ocornut-imgui</Filter>
    </ClCompile>
    <ClCompile Include="..\..\..\..\Dependencies\bgfx\3rdparty\ocornut-imgui\imgui_demo.cpp">
      <Filter>3rdparty\ocornut-imgui</Filter>
    </ClCompile>
    <ClCompile Include="..\..\..\..\Dependencies\bgfx\3rdparty\ocornut-imgui\imgui_draw.cpp">
      <Filter>3rdparty\ocornut-imgui</Filter>
    </ClCompile>
    <ClCompile Include="..\..\..\..\Dependencies\bgfx\3rdparty\ib-compress\indexbuffercompression.cpp">
      <Filter>3rdparty\ib-compress</Filter>
    </ClCompile>
    <ClCompile Include="..\..\..\..\Dependencies\bgfx\3rdparty\ib-compress\indexbufferdecompression.cpp">
      <Filter>3rdparty\ib-compress</Filter>
    </ClCompile>
  </ItemGroup>
  <ItemGroup>
    <ClInclude Include="..\..\..\..\Dependencies\bgfx\src\bgfx_p.h">
      <Filter>src</Filter>
    </ClInclude>
    <ClInclude Include="..\..\..\..\Dependencies\bgfx\src\charset.h">
      <Filter>src</Filter>
    </ClInclude>
    <ClInclude Include="..\..\..\..\Dependencies\bgfx\src\config.h">
      <Filter>src</Filter>
    </ClInclude>
    <ClInclude Include="..\..\..\..\Dependencies\bgfx\src\debug_renderdoc.h">
      <Filter>src</Filter>
    </ClInclude>
    <ClInclude Include="..\..\..\..\Dependencies\bgfx\src\dxgi.h">
      <Filter>src</Filter>
    </ClInclude>
    <ClInclude Include="..\..\..\..\Dependencies\bgfx\src\glcontext_eagl.h">
      <Filter>src</Filter>
    </ClInclude>
    <ClInclude Include="..\..\..\..\Dependencies\bgfx\src\glcontext_egl.h">
      <Filter>src</Filter>
    </ClInclude>
    <ClInclude Include="..\..\..\..\Dependencies\bgfx\src\glcontext_glx.h">
      <Filter>src</Filter>
    </ClInclude>
    <ClInclude Include="..\..\..\..\Dependencies\bgfx\src\glcontext_nsgl.h">
      <Filter>src</Filter>
    </ClInclude>
    <ClInclude Include="..\..\..\..\Dependencies\bgfx\src\glcontext_wgl.h">
      <Filter>src</Filter>
    </ClInclude>
    <ClInclude Include="..\..\..\..\Dependencies\bgfx\src\glimports.h">
      <Filter>src</Filter>
    </ClInclude>
    <ClInclude Include="..\..\..\..\Dependencies\bgfx\src\hmd.h">
      <Filter>src</Filter>
    </ClInclude>
    <ClInclude Include="..\..\..\..\Dependencies\bgfx\src\hmd_openvr.h">
      <Filter>src</Filter>
    </ClInclude>
    <ClInclude Include="..\..\..\..\Dependencies\bgfx\src\hmd_ovr.h">
      <Filter>src</Filter>
    </ClInclude>
    <ClInclude Include="..\..\..\..\Dependencies\bgfx\src\nvapi.h">
      <Filter>src</Filter>
    </ClInclude>
    <ClInclude Include="..\..\..\..\Dependencies\bgfx\src\renderer.h">
      <Filter>src</Filter>
    </ClInclude>
    <ClInclude Include="..\..\..\..\Dependencies\bgfx\src\renderer_d3d.h">
      <Filter>src</Filter>
    </ClInclude>
    <ClInclude Include="..\..\..\..\Dependencies\bgfx\src\renderer_d3d9.h">
      <Filter>src</Filter>
    </ClInclude>
    <ClInclude Include="..\..\..\..\Dependencies\bgfx\src\renderer_d3d11.h">
      <Filter>src</Filter>
    </ClInclude>
    <ClInclude Include="..\..\..\..\Dependencies\bgfx\src\renderer_d3d12.h">
      <Filter>src</Filter>
    </ClInclude>
    <ClInclude Include="..\..\..\..\Dependencies\bgfx\src\renderer_gl.h">
      <Filter>src</Filter>
    </ClInclude>
    <ClInclude Include="..\..\..\..\Dependencies\bgfx\src\renderer_mtl.h">
      <Filter>src</Filter>
    </ClInclude>
    <ClInclude Include="..\..\..\..\Dependencies\bgfx\src\renderer_vk.h">
      <Filter>src</Filter>
    </ClInclude>
    <ClInclude Include="..\..\..\..\Dependencies\bgfx\src\shader.h">
      <Filter>src</Filter>
    </ClInclude>
    <ClInclude Include="..\..\..\..\Dependencies\bgfx\src\shader_dx9bc.h">
      <Filter>src</Filter>
    </ClInclude>
    <ClInclude Include="..\..\..\..\Dependencies\bgfx\src\shader_dxbc.h">
      <Filter>src</Filter>
    </ClInclude>
    <ClInclude Include="..\..\..\..\Dependencies\bgfx\src\shader_spirv.h">
      <Filter>src</Filter>
    </ClInclude>
    <ClInclude Include="..\..\..\..\Dependencies\bgfx\src\topology.h">
      <Filter>src</Filter>
    </ClInclude>
    <ClInclude Include="..\..\..\..\Dependencies\bgfx\src\vertexdecl.h">
      <Filter>src</Filter>
    </ClInclude>
    <ClInclude Include="..\..\..\..\Dependencies\bgfx\src\vs_clear.bin.h">
      <Filter>src</Filter>
    </ClInclude>
    <ClInclude Include="..\..\..\..\Dependencies\bgfx\src\vs_debugfont.bin.h">
      <Filter>src</Filter>
    </ClInclude>
    <ClInclude Include="..\..\..\..\Dependencies\bgfx\include\bgfx\bgfx.h">
      <Filter>include\bgfx</Filter>
    </ClInclude>
    <ClInclude Include="..\..\..\..\Dependencies\bgfx\include\bgfx\defines.h">
      <Filter>include\bgfx</Filter>
    </ClInclude>
    <ClInclude Include="..\..\..\..\Dependencies\bgfx\include\bgfx\embedded_shader.h">
      <Filter>include\bgfx</Filter>
    </ClInclude>
    <ClInclude Include="..\..\..\..\Dependencies\bgfx\include\bgfx\platform.h">
      <Filter>include\bgfx</Filter>
    </ClInclude>
    <ClInclude Include="..\..\..\..\Dependencies\bgfx\include\bgfx\c99\bgfx.h">
      <Filter>include\bgfx\c99</Filter>
    </ClInclude>
    <ClInclude Include="..\..\..\..\Dependencies\bgfx\include\bgfx\c99\platform.h">
      <Filter>include\bgfx\c99</Filter>
    </ClInclude>
    <ClInclude Include="..\..\..\..\Dependencies\bgfx\include\bgfx_utils.h">
      <Filter>include</Filter>
    </ClInclude>
    <ClInclude Include="..\..\..\..\Dependencies\bgfx\3rdparty\ocornut-imgui\imconfig.h">
      <Filter>3rdparty\ocornut-imgui</Filter>
    </ClInclude>
    <ClInclude Include="..\..\..\..\Dependencies\bgfx\3rdparty\ocornut-imgui\imgui.h">
      <Filter>3rdparty\ocornut-imgui</Filter>
    </ClInclude>
    <ClInclude Include="..\..\..\..\Dependencies\bgfx\3rdparty\ocornut-imgui\imgui_internal.h">
      <Filter>3rdparty\ocornut-imgui</Filter>
    </ClInclude>
    <ClInclude Include="..\..\..\..\Dependencies\bgfx\3rdparty\ocornut-imgui\imgui_user.h">
      <Filter>3rdparty\ocornut-imgui</Filter>
    </ClInclude>
    <ClInclude Include="..\..\..\..\Dependencies\bgfx\3rdparty\ocornut-imgui\stb_rect_pack.h">
      <Filter>3rdparty\ocornut-imgui</Filter>
    </ClInclude>
    <ClInclude Include="..\..\..\..\Dependencies\bgfx\3rdparty\ocornut-imgui\stb_textedit.h">
      <Filter>3rdparty\ocornut-imgui</Filter>
    </ClInclude>
    <ClInclude Include="..\..\..\..\Dependencies\bgfx\3rdparty\ocornut-imgui\stb_truetype.h">
      <Filter>3rdparty\ocornut-imgui</Filter>
    </ClInclude>
    <ClInclude Include="..\..\..\..\Dependencies\bgfx\3rdparty\ocornut-imgui\widgets\color_picker.h">
      <Filter>3rdparty\ocornut-imgui\widgets</Filter>
    </ClInclude>
    <ClInclude Include="..\..\..\..\Dependencies\bgfx\3rdparty\ocornut-imgui\widgets\color_wheel.h">
      <Filter>3rdparty\ocornut-imgui\widgets</Filter>
    </ClInclude>
    <ClInclude Include="..\..\..\..\Dependencies\bgfx\3rdparty\ocornut-imgui\widgets\dock.h">
      <Filter>3rdparty\ocornut-imgui\widgets</Filter>
    </ClInclude>
    <ClInclude Include="..\..\..\..\Dependencies\bgfx\3rdparty\ocornut-imgui\widgets\file_list.h">
      <Filter>3rdparty\ocornut-imgui\widgets</Filter>
    </ClInclude>
    <ClInclude Include="..\..\..\..\Dependencies\bgfx\3rdparty\ocornut-imgui\widgets\gizmo.h">
      <Filter>3rdparty\ocornut-imgui\widgets</Filter>
    </ClInclude>
    <ClInclude Include="..\..\..\..\Dependencies\bgfx\3rdparty\ocornut-imgui\widgets\memory_editor.h">
      <Filter>3rdparty\ocornut-imgui\widgets</Filter>
    </ClInclude>
    <ClInclude Include="..\..\..\..\Dependencies\bgfx\3rdparty\ocornut-imgui\widgets\range_slider.h">
      <Filter>3rdparty\ocornut-imgui\widgets</Filter>
    </ClInclude>
    <ClInclude Include="..\..\..\..\Dependencies\bgfx\3rdparty\ib-compress\indexbuffercompression.h">
      <Filter>3rdparty\ib-compress</Filter>
    </ClInclude>
    <ClInclude Include="..\..\..\..\Dependencies\bgfx\3rdparty\ib-compress\indexbuffercompressionformat.h">
      <Filter>3rdparty\ib-compress</Filter>
    </ClInclude>
    <ClInclude Include="..\..\..\..\Dependencies\bgfx\3rdparty\ib-compress\indexbufferdecompression.h">
      <Filter>3rdparty\ib-compress</Filter>
    </ClInclude>
    <ClInclude Include="..\..\..\..\Dependencies\bgfx\3rdparty\ib-compress\indexcompressionconstants.h">
      <Filter>3rdparty\ib-compress</Filter>
    </ClInclude>
    <ClInclude Include="..\..\..\..\Dependencies\bgfx\3rdparty\ib-compress\readbitstream.h">
      <Filter>3rdparty\ib-compress</Filter>
    </ClInclude>
    <ClInclude Include="..\..\..\..\Dependencies\bgfx\3rdparty\ib-compress\writebitstream.h">
      <Filter>3rdparty\ib-compress</Filter>
    </ClInclude>
  </ItemGroup>
  <ItemGroup>
    <None Include="..\..\..\..\Dependencies\bgfx\src\glcontext_eagl.mm">
      <Filter>src</Filter>
    </None>
    <None Include="..\..\..\..\Dependencies\bgfx\src\glcontext_nsgl.mm">
      <Filter>src</Filter>
    </None>
    <None Include="..\..\..\..\Dependencies\bgfx\src\renderer_mtl.mm">
      <Filter>src</Filter>
    </None>
  </ItemGroup>
</Project>