<?xml version="1.0" encoding="utf-8"?>
<Project ToolsVersion="4.0" xmlns="http://schemas.microsoft.com/developer/msbuild/2003">
  <ItemGroup>
    <Filter Include="src">
      <UniqueIdentifier>{b8443577-78e4-4769-8d2d-880524ad90a8}</UniqueIdentifier>
    </Filter>
  </ItemGroup>
  <ItemGroup>
    <ClInclude Include="..\..\..\..\Dependencies\bullet3\src\btBulletCollisionCommon.h">
      <Filter>src</Filter>
    </ClInclude>
    <ClInclude Include="..\..\..\..\Dependencies\bullet3\src\btBulletDynamicsCommon.h">
      <Filter>src</Filter>
    </ClInclude>
    <ClInclude Include="..\..\..\..\Dependencies\bullet3\src\Bullet3Collision\BroadPhaseCollision\b3BroadphaseCallback.h">
      <Filter>src</Filter>
    </ClInclude>
    <ClInclude Include="..\..\..\..\Dependencies\bullet3\src\Bullet3Collision\BroadPhaseCollision\b3DynamicBvh.h">
      <Filter>src</Filter>
    </ClInclude>
    <ClInclude Include="..\..\..\..\Dependencies\bullet3\src\Bullet3Collision\BroadPhaseCollision\b3DynamicBvhBroadphase.h">
      <Filter>src</Filter>
    </ClInclude>
    <ClInclude Include="..\..\..\..\Dependencies\bullet3\src\Bullet3Collision\BroadPhaseCollision\b3OverlappingPair.h">
      <Filter>src</Filter>
    </ClInclude>
    <ClInclude Include="..\..\..\..\Dependencies\bullet3\src\Bullet3Collision\BroadPhaseCollision\b3OverlappingPairCache.h">
      <Filter>src</Filter>
    </ClInclude>
    <ClInclude Include="..\..\..\..\Dependencies\bullet3\src\Bullet3Collision\BroadPhaseCollision\shared\b3Aabb.h">
      <Filter>src</Filter>
    </ClInclude>
    <ClInclude Include="..\..\..\..\Dependencies\bullet3\src\Bullet3Collision\NarrowPhaseCollision\b3Config.h">
      <Filter>src</Filter>
    </ClInclude>
    <ClInclude Include="..\..\..\..\Dependencies\bullet3\src\Bullet3Collision\NarrowPhaseCollision\b3Contact4.h">
      <Filter>src</Filter>
    </ClInclude>
    <ClInclude Include="..\..\..\..\Dependencies\bullet3\src\Bullet3Collision\NarrowPhaseCollision\b3ConvexUtility.h">
      <Filter>src</Filter>
    </ClInclude>
    <ClInclude Include="..\..\..\..\Dependencies\bullet3\src\Bullet3Collision\NarrowPhaseCollision\b3CpuNarrowPhase.h">
      <Filter>src</Filter>
    </ClInclude>
    <ClInclude Include="..\..\..\..\Dependencies\bullet3\src\Bullet3Collision\NarrowPhaseCollision\b3RaycastInfo.h">
      <Filter>src</Filter>
    </ClInclude>
    <ClInclude Include="..\..\..\..\Dependencies\bullet3\src\Bullet3Collision\NarrowPhaseCollision\b3RigidBodyCL.h">
      <Filter>src</Filter>
    </ClInclude>
    <ClInclude Include="..\..\..\..\Dependencies\bullet3\src\Bullet3Collision\NarrowPhaseCollision\shared\b3BvhSubtreeInfoData.h">
      <Filter>src</Filter>
    </ClInclude>
    <ClInclude Include="..\..\..\..\Dependencies\bullet3\src\Bullet3Collision\NarrowPhaseCollision\shared\b3BvhTraversal.h">
      <Filter>src</Filter>
    </ClInclude>
    <ClInclude Include="..\..\..\..\Dependencies\bullet3\src\Bullet3Collision\NarrowPhaseCollision\shared\b3ClipFaces.h">
      <Filter>src</Filter>
    </ClInclude>
    <ClInclude Include="..\..\..\..\Dependencies\bullet3\src\Bullet3Collision\NarrowPhaseCollision\shared\b3Collidable.h">
      <Filter>src</Filter>
    </ClInclude>
    <ClInclude Include="..\..\..\..\Dependencies\bullet3\src\Bullet3Collision\NarrowPhaseCollision\shared\b3Contact4Data.h">
      <Filter>src</Filter>
    </ClInclude>
    <ClInclude Include="..\..\..\..\Dependencies\bullet3\src\Bullet3Collision\NarrowPhaseCollision\shared\b3ContactConvexConvexSAT.h">
      <Filter>src</Filter>
    </ClInclude>
    <ClInclude Include="..\..\..\..\Dependencies\bullet3\src\Bullet3Collision\NarrowPhaseCollision\shared\b3ContactSphereSphere.h">
      <Filter>src</Filter>
    </ClInclude>
    <ClInclude Include="..\..\..\..\Dependencies\bullet3\src\Bullet3Collision\NarrowPhaseCollision\shared\b3ConvexPolyhedronData.h">
      <Filter>src</Filter>
    </ClInclude>
    <ClInclude Include="..\..\..\..\Dependencies\bullet3\src\Bullet3Collision\NarrowPhaseCollision\shared\b3FindConcaveSatAxis.h">
      <Filter>src</Filter>
    </ClInclude>
    <ClInclude Include="..\..\..\..\Dependencies\bullet3\src\Bullet3Collision\NarrowPhaseCollision\shared\b3FindSeparatingAxis.h">
      <Filter>src</Filter>
    </ClInclude>
    <ClInclude Include="..\..\..\..\Dependencies\bullet3\src\Bullet3Collision\NarrowPhaseCollision\shared\b3MprPenetration.h">
      <Filter>src</Filter>
    </ClInclude>
    <ClInclude Include="..\..\..\..\Dependencies\bullet3\src\Bullet3Collision\NarrowPhaseCollision\shared\b3NewContactReduction.h">
      <Filter>src</Filter>
    </ClInclude>
    <ClInclude Include="..\..\..\..\Dependencies\bullet3\src\Bullet3Collision\NarrowPhaseCollision\shared\b3QuantizedBvhNodeData.h">
      <Filter>src</Filter>
    </ClInclude>
    <ClInclude Include="..\..\..\..\Dependencies\bullet3\src\Bullet3Collision\NarrowPhaseCollision\shared\b3ReduceContacts.h">
      <Filter>src</Filter>
    </ClInclude>
    <ClInclude Include="..\..\..\..\Dependencies\bullet3\src\Bullet3Collision\NarrowPhaseCollision\shared\b3RigidBodyData.h">
      <Filter>src</Filter>
    </ClInclude>
    <ClInclude Include="..\..\..\..\Dependencies\bullet3\src\Bullet3Collision\NarrowPhaseCollision\shared\b3UpdateAabbs.h">
      <Filter>src</Filter>
    </ClInclude>
    <ClInclude Include="..\..\..\..\Dependencies\bullet3\src\Bullet3Common\b3AlignedAllocator.h">
      <Filter>src</Filter>
    </ClInclude>
    <ClInclude Include="..\..\..\..\Dependencies\bullet3\src\Bullet3Common\b3AlignedObjectArray.h">
      <Filter>src</Filter>
    </ClInclude>
    <ClInclude Include="..\..\..\..\Dependencies\bullet3\src\Bullet3Common\b3CommandLineArgs.h">
      <Filter>src</Filter>
    </ClInclude>
    <ClInclude Include="..\..\..\..\Dependencies\bullet3\src\Bullet3Common\b3FileUtils.h">
      <Filter>src</Filter>
    </ClInclude>
    <ClInclude Include="..\..\..\..\Dependencies\bullet3\src\Bullet3Common\b3HashMap.h">
      <Filter>src</Filter>
    </ClInclude>
    <ClInclude Include="..\..\..\..\Dependencies\bullet3\src\Bullet3Common\b3Logging.h">
      <Filter>src</Filter>
    </ClInclude>
    <ClInclude Include="..\..\..\..\Dependencies\bullet3\src\Bullet3Common\b3Matrix3x3.h">
      <Filter>src</Filter>
    </ClInclude>
    <ClInclude Include="..\..\..\..\Dependencies\bullet3\src\Bullet3Common\b3MinMax.h">
      <Filter>src</Filter>
    </ClInclude>
    <ClInclude Include="..\..\..\..\Dependencies\bullet3\src\Bullet3Common\b3PoolAllocator.h">
      <Filter>src</Filter>
    </ClInclude>
    <ClInclude Include="..\..\..\..\Dependencies\bullet3\src\Bullet3Common\b3QuadWord.h">
      <Filter>src</Filter>
    </ClInclude>
    <ClInclude Include="..\..\..\..\Dependencies\bullet3\src\Bullet3Common\b3Quaternion.h">
      <Filter>src</Filter>
    </ClInclude>
    <ClInclude Include="..\..\..\..\Dependencies\bullet3\src\Bullet3Common\b3Random.h">
      <Filter>src</Filter>
    </ClInclude>
    <ClInclude Include="..\..\..\..\Dependencies\bullet3\src\Bullet3Common\b3ResizablePool.h">
      <Filter>src</Filter>
    </ClInclude>
    <ClInclude Include="..\..\..\..\Dependencies\bullet3\src\Bullet3Common\b3Scalar.h">
      <Filter>src</Filter>
    </ClInclude>
    <ClInclude Include="..\..\..\..\Dependencies\bullet3\src\Bullet3Common\b3StackAlloc.h">
      <Filter>src</Filter>
    </ClInclude>
    <ClInclude Include="..\..\..\..\Dependencies\bullet3\src\Bullet3Common\b3Transform.h">
      <Filter>src</Filter>
    </ClInclude>
    <ClInclude Include="..\..\..\..\Dependencies\bullet3\src\Bullet3Common\b3TransformUtil.h">
      <Filter>src</Filter>
    </ClInclude>
    <ClInclude Include="..\..\..\..\Dependencies\bullet3\src\Bullet3Common\b3Vector3.h">
      <Filter>src</Filter>
    </ClInclude>
    <ClInclude Include="..\..\..\..\Dependencies\bullet3\src\Bullet3Common\shared\b3Float4.h">
      <Filter>src</Filter>
    </ClInclude>
    <ClInclude Include="..\..\..\..\Dependencies\bullet3\src\Bullet3Common\shared\b3Int2.h">
      <Filter>src</Filter>
    </ClInclude>
    <ClInclude Include="..\..\..\..\Dependencies\bullet3\src\Bullet3Common\shared\b3Int4.h">
      <Filter>src</Filter>
    </ClInclude>
    <ClInclude Include="..\..\..\..\Dependencies\bullet3\src\Bullet3Common\shared\b3Mat3x3.h">
      <Filter>src</Filter>
    </ClInclude>
    <ClInclude Include="..\..\..\..\Dependencies\bullet3\src\Bullet3Common\shared\b3PlatformDefinitions.h">
      <Filter>src</Filter>
    </ClInclude>
    <ClInclude Include="..\..\..\..\Dependencies\bullet3\src\Bullet3Common\shared\b3Quat.h">
      <Filter>src</Filter>
    </ClInclude>
    <ClInclude Include="..\..\..\..\Dependencies\bullet3\src\Bullet3Dynamics\b3CpuRigidBodyPipeline.h">
      <Filter>src</Filter>
    </ClInclude>
    <ClInclude Include="..\..\..\..\Dependencies\bullet3\src\Bullet3Dynamics\shared\b3ContactConstraint4.h">
      <Filter>src</Filter>
    </ClInclude>
    <ClInclude Include="..\..\..\..\Dependencies\bullet3\src\Bullet3Dynamics\shared\b3ConvertConstraint4.h">
      <Filter>src</Filter>
    </ClInclude>
    <ClInclude Include="..\..\..\..\Dependencies\bullet3\src\Bullet3Dynamics\shared\b3Inertia.h">
      <Filter>src</Filter>
    </ClInclude>
    <ClInclude Include="..\..\..\..\Dependencies\bullet3\src\Bullet3Dynamics\shared\b3IntegrateTransforms.h">
      <Filter>src</Filter>
    </ClInclude>
    <ClInclude Include="..\..\..\..\Dependencies\bullet3\src\Bullet3Dynamics\ConstraintSolver\b3ContactSolverInfo.h">
      <Filter>src</Filter>
    </ClInclude>
    <ClInclude Include="..\..\..\..\Dependencies\bullet3\src\Bullet3Dynamics\ConstraintSolver\b3FixedConstraint.h">
      <Filter>src</Filter>
    </ClInclude>
    <ClInclude Include="..\..\..\..\Dependencies\bullet3\src\Bullet3Dynamics\ConstraintSolver\b3Generic6DofConstraint.h">
      <Filter>src</Filter>
    </ClInclude>
    <ClInclude Include="..\..\..\..\Dependencies\bullet3\src\Bullet3Dynamics\ConstraintSolver\b3JacobianEntry.h">
      <Filter>src</Filter>
    </ClInclude>
    <ClInclude Include="..\..\..\..\Dependencies\bullet3\src\Bullet3Dynamics\ConstraintSolver\b3PgsJacobiSolver.h">
      <Filter>src</Filter>
    </ClInclude>
    <ClInclude Include="..\..\..\..\Dependencies\bullet3\src\Bullet3Dynamics\ConstraintSolver\b3Point2PointConstraint.h">
      <Filter>src</Filter>
    </ClInclude>
    <ClInclude Include="..\..\..\..\Dependencies\bullet3\src\Bullet3Dynamics\ConstraintSolver\b3SolverBody.h">
      <Filter>src</Filter>
    </ClInclude>
    <ClInclude Include="..\..\..\..\Dependencies\bullet3\src\Bullet3Dynamics\ConstraintSolver\b3SolverConstraint.h">
      <Filter>src</Filter>
    </ClInclude>
    <ClInclude Include="..\..\..\..\Dependencies\bullet3\src\Bullet3Dynamics\ConstraintSolver\b3TypedConstraint.h">
      <Filter>src</Filter>
    </ClInclude>
    <ClInclude Include="..\..\..\..\Dependencies\bullet3\src\Bullet3Geometry\b3AabbUtil.h">
      <Filter>src</Filter>
    </ClInclude>
    <ClInclude Include="..\..\..\..\Dependencies\bullet3\src\Bullet3Geometry\b3ConvexHullComputer.h">
      <Filter>src</Filter>
    </ClInclude>
    <ClInclude Include="..\..\..\..\Dependencies\bullet3\src\Bullet3Geometry\b3GeometryUtil.h">
      <Filter>src</Filter>
    </ClInclude>
    <ClInclude Include="..\..\..\..\Dependencies\bullet3\src\Bullet3Geometry\b3GrahamScan2dConvexHull.h">
      <Filter>src</Filter>
    </ClInclude>
    <ClInclude Include="..\..\..\..\Dependencies\bullet3\src\Bullet3OpenCL\BroadphaseCollision\b3GpuBroadphaseInterface.h">
      <Filter>src</Filter>
    </ClInclude>
    <ClInclude Include="..\..\..\..\Dependencies\bullet3\src\Bullet3OpenCL\BroadphaseCollision\b3GpuGridBroadphase.h">
      <Filter>src</Filter>
    </ClInclude>
    <ClInclude Include="..\..\..\..\Dependencies\bullet3\src\Bullet3OpenCL\BroadphaseCollision\b3GpuParallelLinearBvh.h">
      <Filter>src</Filter>
    </ClInclude>
    <ClInclude Include="..\..\..\..\Dependencies\bullet3\src\Bullet3OpenCL\BroadphaseCollision\b3GpuParallelLinearBvhBroadphase.h">
      <Filter>src</Filter>
    </ClInclude>
    <ClInclude Include="..\..\..\..\Dependencies\bullet3\src\Bullet3OpenCL\BroadphaseCollision\b3GpuSapBroadphase.h">
      <Filter>src</Filter>
    </ClInclude>
    <ClInclude Include="..\..\..\..\Dependencies\bullet3\src\Bullet3OpenCL\BroadphaseCollision\b3SapAabb.h">
      <Filter>src</Filter>
    </ClInclude>
    <ClInclude Include="..\..\..\..\Dependencies\bullet3\src\Bullet3OpenCL\BroadphaseCollision\kernels\gridBroadphaseKernels.h">
      <Filter>src</Filter>
    </ClInclude>
    <ClInclude Include="..\..\..\..\Dependencies\bullet3\src\Bullet3OpenCL\BroadphaseCollision\kernels\parallelLinearBvhKernels.h">
      <Filter>src</Filter>
    </ClInclude>
    <ClInclude Include="..\..\..\..\Dependencies\bullet3\src\Bullet3OpenCL\BroadphaseCollision\kernels\sapKernels.h">
      <Filter>src</Filter>
    </ClInclude>
    <ClInclude Include="..\..\..\..\Dependencies\bullet3\src\Bullet3OpenCL\Initialize\b3OpenCLInclude.h">
      <Filter>src</Filter>
    </ClInclude>
    <ClInclude Include="..\..\..\..\Dependencies\bullet3\src\Bullet3OpenCL\Initialize\b3OpenCLUtils.h">
      <Filter>src</Filter>
    </ClInclude>
    <ClInclude Include="..\..\..\..\Dependencies\bullet3\src\Bullet3OpenCL\NarrowphaseCollision\b3BvhInfo.h">
      <Filter>src</Filter>
    </ClInclude>
    <ClInclude Include="..\..\..\..\Dependencies\bullet3\src\Bullet3OpenCL\NarrowphaseCollision\b3ContactCache.h">
      <Filter>src</Filter>
    </ClInclude>
    <ClInclude Include="..\..\..\..\Dependencies\bullet3\src\Bullet3OpenCL\NarrowphaseCollision\b3ConvexHullContact.h">
      <Filter>src</Filter>
    </ClInclude>
    <ClInclude Include="..\..\..\..\Dependencies\bullet3\src\Bullet3OpenCL\NarrowphaseCollision\b3ConvexPolyhedronCL.h">
      <Filter>src</Filter>
    </ClInclude>
    <ClInclude Include="..\..\..\..\Dependencies\bullet3\src\Bullet3OpenCL\NarrowphaseCollision\b3GjkEpa.h">
      <Filter>src</Filter>
    </ClInclude>
    <ClInclude Include="..\..\..\..\Dependencies\bullet3\src\Bullet3OpenCL\NarrowphaseCollision\b3OptimizedBvh.h">
      <Filter>src</Filter>
    </ClInclude>
    <ClInclude Include="..\..\..\..\Dependencies\bullet3\src\Bullet3OpenCL\NarrowphaseCollision\b3QuantizedBvh.h">
      <Filter>src</Filter>
    </ClInclude>
    <ClInclude Include="..\..\..\..\Dependencies\bullet3\src\Bullet3OpenCL\NarrowphaseCollision\b3StridingMeshInterface.h">
      <Filter>src</Filter>
    </ClInclude>
    <ClInclude Include="..\..\..\..\Dependencies\bullet3\src\Bullet3OpenCL\NarrowphaseCollision\b3SupportMappings.h">
      <Filter>src</Filter>
    </ClInclude>
    <ClInclude Include="..\..\..\..\Dependencies\bullet3\src\Bullet3OpenCL\NarrowphaseCollision\b3TriangleCallback.h">
      <Filter>src</Filter>
    </ClInclude>
    <ClInclude Include="..\..\..\..\Dependencies\bullet3\src\Bullet3OpenCL\NarrowphaseCollision\b3TriangleIndexVertexArray.h">
      <Filter>src</Filter>
    </ClInclude>
    <ClInclude Include="..\..\..\..\Dependencies\bullet3\src\Bullet3OpenCL\NarrowphaseCollision\b3VectorFloat4.h">
      <Filter>src</Filter>
    </ClInclude>
    <ClInclude Include="..\..\..\..\Dependencies\bullet3\src\Bullet3OpenCL\NarrowphaseCollision\b3VoronoiSimplexSolver.h">
      <Filter>src</Filter>
    </ClInclude>
    <ClInclude Include="..\..\..\..\Dependencies\bullet3\src\Bullet3OpenCL\NarrowphaseCollision\kernels\bvhTraversal.h">
      <Filter>src</Filter>
    </ClInclude>
    <ClInclude Include="..\..\..\..\Dependencies\bullet3\src\Bullet3OpenCL\NarrowphaseCollision\kernels\mprKernels.h">
      <Filter>src</Filter>
    </ClInclude>
    <ClInclude Include="..\..\..\..\Dependencies\bullet3\src\Bullet3OpenCL\NarrowphaseCollision\kernels\primitiveContacts.h">
      <Filter>src</Filter>
    </ClInclude>
    <ClInclude Include="..\..\..\..\Dependencies\bullet3\src\Bullet3OpenCL\NarrowphaseCollision\kernels\satClipHullContacts.h">
      <Filter>src</Filter>
    </ClInclude>
    <ClInclude Include="..\..\..\..\Dependencies\bullet3\src\Bullet3OpenCL\NarrowphaseCollision\kernels\satConcaveKernels.h">
      <Filter>src</Filter>
    </ClInclude>
    <ClInclude Include="..\..\..\..\Dependencies\bullet3\src\Bullet3OpenCL\NarrowphaseCollision\kernels\satKernels.h">
      <Filter>src</Filter>
    </ClInclude>
    <ClInclude Include="..\..\..\..\Dependencies\bullet3\src\Bullet3OpenCL\ParallelPrimitives\b3BoundSearchCL.h">
      <Filter>src</Filter>
    </ClInclude>
    <ClInclude Include="..\..\..\..\Dependencies\bullet3\src\Bullet3OpenCL\ParallelPrimitives\b3BufferInfoCL.h">
      <Filter>src</Filter>
    </ClInclude>
    <ClInclude Include="..\..\..\..\Dependencies\bullet3\src\Bullet3OpenCL\ParallelPrimitives\b3FillCL.h">
      <Filter>src</Filter>
    </ClInclude>
    <ClInclude Include="..\..\..\..\Dependencies\bullet3\src\Bullet3OpenCL\ParallelPrimitives\b3LauncherCL.h">
      <Filter>src</Filter>
    </ClInclude>
    <ClInclude Include="..\..\..\..\Dependencies\bullet3\src\Bullet3OpenCL\ParallelPrimitives\b3OpenCLArray.h">
      <Filter>src</Filter>
    </ClInclude>
    <ClInclude Include="..\..\..\..\Dependencies\bullet3\src\Bullet3OpenCL\ParallelPrimitives\b3PrefixScanCL.h">
      <Filter>src</Filter>
    </ClInclude>
    <ClInclude Include="..\..\..\..\Dependencies\bullet3\src\Bullet3OpenCL\ParallelPrimitives\b3PrefixScanFloat4CL.h">
      <Filter>src</Filter>
    </ClInclude>
    <ClInclude Include="..\..\..\..\Dependencies\bullet3\src\Bullet3OpenCL\ParallelPrimitives\b3RadixSort32CL.h">
      <Filter>src</Filter>
    </ClInclude>
    <ClInclude Include="..\..\..\..\Dependencies\bullet3\src\Bullet3OpenCL\ParallelPrimitives\kernels\BoundSearchKernelsCL.h">
      <Filter>src</Filter>
    </ClInclude>
    <ClInclude Include="..\..\..\..\Dependencies\bullet3\src\Bullet3OpenCL\ParallelPrimitives\kernels\CopyKernelsCL.h">
      <Filter>src</Filter>
    </ClInclude>
    <ClInclude Include="..\..\..\..\Dependencies\bullet3\src\Bullet3OpenCL\ParallelPrimitives\kernels\FillKernelsCL.h">
      <Filter>src</Filter>
    </ClInclude>
    <ClInclude Include="..\..\..\..\Dependencies\bullet3\src\Bullet3OpenCL\ParallelPrimitives\kernels\PrefixScanKernelsCL.h">
      <Filter>src</Filter>
    </ClInclude>
    <ClInclude Include="..\..\..\..\Dependencies\bullet3\src\Bullet3OpenCL\ParallelPrimitives\kernels\PrefixScanKernelsFloat4CL.h">
      <Filter>src</Filter>
    </ClInclude>
    <ClInclude Include="..\..\..\..\Dependencies\bullet3\src\Bullet3OpenCL\ParallelPrimitives\kernels\RadixSort32KernelsCL.h">
      <Filter>src</Filter>
    </ClInclude>
    <ClInclude Include="..\..\..\..\Dependencies\bullet3\src\Bullet3OpenCL\Raycast\b3GpuRaycast.h">
      <Filter>src</Filter>
    </ClInclude>
    <ClInclude Include="..\..\..\..\Dependencies\bullet3\src\Bullet3OpenCL\Raycast\kernels\rayCastKernels.h">
      <Filter>src</Filter>
    </ClInclude>
    <ClInclude Include="..\..\..\..\Dependencies\bullet3\src\Bullet3OpenCL\RigidBody\b3GpuConstraint4.h">
      <Filter>src</Filter>
    </ClInclude>
    <ClInclude Include="..\..\..\..\Dependencies\bullet3\src\Bullet3OpenCL\RigidBody\b3GpuGenericConstraint.h">
      <Filter>src</Filter>
    </ClInclude>
    <ClInclude Include="..\..\..\..\Dependencies\bullet3\src\Bullet3OpenCL\RigidBody\b3GpuJacobiContactSolver.h">
      <Filter>src</Filter>
    </ClInclude>
    <ClInclude Include="..\..\..\..\Dependencies\bullet3\src\Bullet3OpenCL\RigidBody\b3GpuNarrowPhase.h">
      <Filter>src</Filter>
    </ClInclude>
    <ClInclude Include="..\..\..\..\Dependencies\bullet3\src\Bullet3OpenCL\RigidBody\b3GpuNarrowPhaseInternalData.h">
      <Filter>src</Filter>
    </ClInclude>
    <ClInclude Include="..\..\..\..\Dependencies\bullet3\src\Bullet3OpenCL\RigidBody\b3GpuPgsConstraintSolver.h">
      <Filter>src</Filter>
    </ClInclude>
    <ClInclude Include="..\..\..\..\Dependencies\bullet3\src\Bullet3OpenCL\RigidBody\b3GpuPgsContactSolver.h">
      <Filter>src</Filter>
    </ClInclude>
    <ClInclude Include="..\..\..\..\Dependencies\bullet3\src\Bullet3OpenCL\RigidBody\b3GpuRigidBodyPipeline.h">
      <Filter>src</Filter>
    </ClInclude>
    <ClInclude Include="..\..\..\..\Dependencies\bullet3\src\Bullet3OpenCL\RigidBody\b3GpuRigidBodyPipelineInternalData.h">
      <Filter>src</Filter>
    </ClInclude>
    <ClInclude Include="..\..\..\..\Dependencies\bullet3\src\Bullet3OpenCL\RigidBody\b3GpuSolverBody.h">
      <Filter>src</Filter>
    </ClInclude>
    <ClInclude Include="..\..\..\..\Dependencies\bullet3\src\Bullet3OpenCL\RigidBody\b3GpuSolverConstraint.h">
      <Filter>src</Filter>
    </ClInclude>
    <ClInclude Include="..\..\..\..\Dependencies\bullet3\src\Bullet3OpenCL\RigidBody\b3Solver.h">
      <Filter>src</Filter>
    </ClInclude>
    <ClInclude Include="..\..\..\..\Dependencies\bullet3\src\Bullet3OpenCL\RigidBody\kernels\batchingKernels.h">
      <Filter>src</Filter>
    </ClInclude>
    <ClInclude Include="..\..\..\..\Dependencies\bullet3\src\Bullet3OpenCL\RigidBody\kernels\batchingKernelsNew.h">
      <Filter>src</Filter>
    </ClInclude>
    <ClInclude Include="..\..\..\..\Dependencies\bullet3\src\Bullet3OpenCL\RigidBody\kernels\integrateKernel.h">
      <Filter>src</Filter>
    </ClInclude>
    <ClInclude Include="..\..\..\..\Dependencies\bullet3\src\Bullet3OpenCL\RigidBody\kernels\jointSolver.h">
      <Filter>src</Filter>
    </ClInclude>
    <ClInclude Include="..\..\..\..\Dependencies\bullet3\src\Bullet3OpenCL\RigidBody\kernels\solveContact.h">
      <Filter>src</Filter>
    </ClInclude>
    <ClInclude Include="..\..\..\..\Dependencies\bullet3\src\Bullet3OpenCL\RigidBody\kernels\solveFriction.h">
      <Filter>src</Filter>
    </ClInclude>
    <ClInclude Include="..\..\..\..\Dependencies\bullet3\src\Bullet3OpenCL\RigidBody\kernels\solverSetup.h">
      <Filter>src</Filter>
    </ClInclude>
    <ClInclude Include="..\..\..\..\Dependencies\bullet3\src\Bullet3OpenCL\RigidBody\kernels\solverSetup2.h">
      <Filter>src</Filter>
    </ClInclude>
    <ClInclude Include="..\..\..\..\Dependencies\bullet3\src\Bullet3OpenCL\RigidBody\kernels\solverUtils.h">
      <Filter>src</Filter>
    </ClInclude>
    <ClInclude Include="..\..\..\..\Dependencies\bullet3\src\Bullet3OpenCL\RigidBody\kernels\updateAabbsKernel.h">
      <Filter>src</Filter>
    </ClInclude>
    <ClInclude Include="..\..\..\..\Dependencies\bullet3\src\Bullet3Serialize\Bullet2FileLoader\b3BulletFile.h">
      <Filter>src</Filter>
    </ClInclude>
    <ClInclude Include="..\..\..\..\Dependencies\bullet3\src\Bullet3Serialize\Bullet2FileLoader\b3Chunk.h">
      <Filter>src</Filter>
    </ClInclude>
    <ClInclude Include="..\..\..\..\Dependencies\bullet3\src\Bullet3Serialize\Bullet2FileLoader\b3Common.h">
      <Filter>src</Filter>
    </ClInclude>
    <ClInclude Include="..\..\..\..\Dependencies\bullet3\src\Bullet3Serialize\Bullet2FileLoader\b3Defines.h">
      <Filter>src</Filter>
    </ClInclude>
    <ClInclude Include="..\..\..\..\Dependencies\bullet3\src\Bullet3Serialize\Bullet2FileLoader\b3DNA.h">
      <Filter>src</Filter>
    </ClInclude>
    <ClInclude Include="..\..\..\..\Dependencies\bullet3\src\Bullet3Serialize\Bullet2FileLoader\b3File.h">
      <Filter>src</Filter>
    </ClInclude>
    <ClInclude Include="..\..\..\..\Dependencies\bullet3\src\Bullet3Serialize\Bullet2FileLoader\b3Serializer.h">
      <Filter>src</Filter>
    </ClInclude>
    <ClInclude Include="..\..\..\..\Dependencies\bullet3\src\Bullet3Serialize\Bullet2FileLoader\autogenerated\bullet2.h">
      <Filter>src</Filter>
    </ClInclude>
    <ClInclude Include="..\..\..\..\Dependencies\bullet3\src\BulletCollision\BroadphaseCollision\btAxisSweep3.h">
      <Filter>src</Filter>
    </ClInclude>
    <ClInclude Include="..\..\..\..\Dependencies\bullet3\src\BulletCollision\BroadphaseCollision\btAxisSweep3Internal.h">
      <Filter>src</Filter>
    </ClInclude>
    <ClInclude Include="..\..\..\..\Dependencies\bullet3\src\BulletCollision\BroadphaseCollision\btBroadphaseInterface.h">
      <Filter>src</Filter>
    </ClInclude>
    <ClInclude Include="..\..\..\..\Dependencies\bullet3\src\BulletCollision\BroadphaseCollision\btBroadphaseProxy.h">
      <Filter>src</Filter>
    </ClInclude>
    <ClInclude Include="..\..\..\..\Dependencies\bullet3\src\BulletCollision\BroadphaseCollision\btCollisionAlgorithm.h">
      <Filter>src</Filter>
    </ClInclude>
    <ClInclude Include="..\..\..\..\Dependencies\bullet3\src\BulletCollision\BroadphaseCollision\btDbvt.h">
      <Filter>src</Filter>
    </ClInclude>
    <ClInclude Include="..\..\..\..\Dependencies\bullet3\src\BulletCollision\BroadphaseCollision\btDbvtBroadphase.h">
      <Filter>src</Filter>
    </ClInclude>
    <ClInclude Include="..\..\..\..\Dependencies\bullet3\src\BulletCollision\BroadphaseCollision\btDispatcher.h">
      <Filter>src</Filter>
    </ClInclude>
    <ClInclude Include="..\..\..\..\Dependencies\bullet3\src\BulletCollision\BroadphaseCollision\btOverlappingPairCache.h">
      <Filter>src</Filter>
    </ClInclude>
    <ClInclude Include="..\..\..\..\Dependencies\bullet3\src\BulletCollision\BroadphaseCollision\btOverlappingPairCallback.h">
      <Filter>src</Filter>
    </ClInclude>
    <ClInclude Include="..\..\..\..\Dependencies\bullet3\src\BulletCollision\BroadphaseCollision\btQuantizedBvh.h">
      <Filter>src</Filter>
    </ClInclude>
    <ClInclude Include="..\..\..\..\Dependencies\bullet3\src\BulletCollision\BroadphaseCollision\btSimpleBroadphase.h">
      <Filter>src</Filter>
    </ClInclude>
    <ClInclude Include="..\..\..\..\Dependencies\bullet3\src\BulletCollision\CollisionDispatch\btActivatingCollisionAlgorithm.h">
      <Filter>src</Filter>
    </ClInclude>
    <ClInclude Include="..\..\..\..\Dependencies\bullet3\src\BulletCollision\CollisionDispatch\btBox2dBox2dCollisionAlgorithm.h">
      <Filter>src</Filter>
    </ClInclude>
    <ClInclude Include="..\..\..\..\Dependencies\bullet3\src\BulletCollision\CollisionDispatch\btBoxBoxCollisionAlgorithm.h">
      <Filter>src</Filter>
    </ClInclude>
    <ClInclude Include="..\..\..\..\Dependencies\bullet3\src\BulletCollision\CollisionDispatch\btBoxBoxDetector.h">
      <Filter>src</Filter>
    </ClInclude>
    <ClInclude Include="..\..\..\..\Dependencies\bullet3\src\BulletCollision\CollisionDispatch\btCollisionConfiguration.h">
      <Filter>src</Filter>
    </ClInclude>
    <ClInclude Include="..\..\..\..\Dependencies\bullet3\src\BulletCollision\CollisionDispatch\btCollisionCreateFunc.h">
      <Filter>src</Filter>
    </ClInclude>
    <ClInclude Include="..\..\..\..\Dependencies\bullet3\src\BulletCollision\CollisionDispatch\btCollisionDispatcher.h">
      <Filter>src</Filter>
    </ClInclude>
    <ClInclude Include="..\..\..\..\Dependencies\bullet3\src\BulletCollision\CollisionDispatch\btCollisionDispatcherMt.h">
      <Filter>src</Filter>
    </ClInclude>
    <ClInclude Include="..\..\..\..\Dependencies\bullet3\src\BulletCollision\CollisionDispatch\btCollisionObject.h">
      <Filter>src</Filter>
    </ClInclude>
    <ClInclude Include="..\..\..\..\Dependencies\bullet3\src\BulletCollision\CollisionDispatch\btCollisionObjectWrapper.h">
      <Filter>src</Filter>
    </ClInclude>
    <ClInclude Include="..\..\..\..\Dependencies\bullet3\src\BulletCollision\CollisionDispatch\btCollisionWorld.h">
      <Filter>src</Filter>
    </ClInclude>
    <ClInclude Include="..\..\..\..\Dependencies\bullet3\src\BulletCollision\CollisionDispatch\btCollisionWorldImporter.h">
      <Filter>src</Filter>
    </ClInclude>
    <ClInclude Include="..\..\..\..\Dependencies\bullet3\src\BulletCollision\CollisionDispatch\btCompoundCollisionAlgorithm.h">
      <Filter>src</Filter>
    </ClInclude>
    <ClInclude Include="..\..\..\..\Dependencies\bullet3\src\BulletCollision\CollisionDispatch\btCompoundCompoundCollisionAlgorithm.h">
      <Filter>src</Filter>
    </ClInclude>
    <ClInclude Include="..\..\..\..\Dependencies\bullet3\src\BulletCollision\CollisionDispatch\btConvex2dConvex2dAlgorithm.h">
      <Filter>src</Filter>
    </ClInclude>
    <ClInclude Include="..\..\..\..\Dependencies\bullet3\src\BulletCollision\CollisionDispatch\btConvexConcaveCollisionAlgorithm.h">
      <Filter>src</Filter>
    </ClInclude>
    <ClInclude Include="..\..\..\..\Dependencies\bullet3\src\BulletCollision\CollisionDispatch\btConvexConvexAlgorithm.h">
      <Filter>src</Filter>
    </ClInclude>
    <ClInclude Include="..\..\..\..\Dependencies\bullet3\src\BulletCollision\CollisionDispatch\btConvexPlaneCollisionAlgorithm.h">
      <Filter>src</Filter>
    </ClInclude>
    <ClInclude Include="..\..\..\..\Dependencies\bullet3\src\BulletCollision\CollisionDispatch\btDefaultCollisionConfiguration.h">
      <Filter>src</Filter>
    </ClInclude>
    <ClInclude Include="..\..\..\..\Dependencies\bullet3\src\BulletCollision\CollisionDispatch\btEmptyCollisionAlgorithm.h">
      <Filter>src</Filter>
    </ClInclude>
    <ClInclude Include="..\..\..\..\Dependencies\bullet3\src\BulletCollision\CollisionDispatch\btGhostObject.h">
      <Filter>src</Filter>
    </ClInclude>
    <ClInclude Include="..\..\..\..\Dependencies\bullet3\src\BulletCollision\CollisionDispatch\btHashedSimplePairCache.h">
      <Filter>src</Filter>
    </ClInclude>
    <ClInclude Include="..\..\..\..\Dependencies\bullet3\src\BulletCollision\CollisionDispatch\btInternalEdgeUtility.h">
      <Filter>src</Filter>
    </ClInclude>
    <ClInclude Include="..\..\..\..\Dependencies\bullet3\src\BulletCollision\CollisionDispatch\btManifoldResult.h">
      <Filter>src</Filter>
    </ClInclude>
    <ClInclude Include="..\..\..\..\Dependencies\bullet3\src\BulletCollision\CollisionDispatch\btSimulationIslandManager.h">
      <Filter>src</Filter>
    </ClInclude>
    <ClInclude Include="..\..\..\..\Dependencies\bullet3\src\BulletCollision\CollisionDispatch\btSphereBoxCollisionAlgorithm.h">
      <Filter>src</Filter>
    </ClInclude>
    <ClInclude Include="..\..\..\..\Dependencies\bullet3\src\BulletCollision\CollisionDispatch\btSphereSphereCollisionAlgorithm.h">
      <Filter>src</Filter>
    </ClInclude>
    <ClInclude Include="..\..\..\..\Dependencies\bullet3\src\BulletCollision\CollisionDispatch\btSphereTriangleCollisionAlgorithm.h">
      <Filter>src</Filter>
    </ClInclude>
    <ClInclude Include="..\..\..\..\Dependencies\bullet3\src\BulletCollision\CollisionDispatch\btUnionFind.h">
      <Filter>src</Filter>
    </ClInclude>
    <ClInclude Include="..\..\..\..\Dependencies\bullet3\src\BulletCollision\CollisionDispatch\SphereTriangleDetector.h">
      <Filter>src</Filter>
    </ClInclude>
    <ClInclude Include="..\..\..\..\Dependencies\bullet3\src\BulletCollision\CollisionShapes\btBox2dShape.h">
      <Filter>src</Filter>
    </ClInclude>
    <ClInclude Include="..\..\..\..\Dependencies\bullet3\src\BulletCollision\CollisionShapes\btBoxShape.h">
      <Filter>src</Filter>
    </ClInclude>
    <ClInclude Include="..\..\..\..\Dependencies\bullet3\src\BulletCollision\CollisionShapes\btBvhTriangleMeshShape.h">
      <Filter>src</Filter>
    </ClInclude>
    <ClInclude Include="..\..\..\..\Dependencies\bullet3\src\BulletCollision\CollisionShapes\btCapsuleShape.h">
      <Filter>src</Filter>
    </ClInclude>
    <ClInclude Include="..\..\..\..\Dependencies\bullet3\src\BulletCollision\CollisionShapes\btCollisionMargin.h">
      <Filter>src</Filter>
    </ClInclude>
    <ClInclude Include="..\..\..\..\Dependencies\bullet3\src\BulletCollision\CollisionShapes\btCollisionShape.h">
      <Filter>src</Filter>
    </ClInclude>
    <ClInclude Include="..\..\..\..\Dependencies\bullet3\src\BulletCollision\CollisionShapes\btCompoundShape.h">
      <Filter>src</Filter>
    </ClInclude>
    <ClInclude Include="..\..\..\..\Dependencies\bullet3\src\BulletCollision\CollisionShapes\btConcaveShape.h">
      <Filter>src</Filter>
    </ClInclude>
    <ClInclude Include="..\..\..\..\Dependencies\bullet3\src\BulletCollision\CollisionShapes\btConeShape.h">
      <Filter>src</Filter>
    </ClInclude>
    <ClInclude Include="..\..\..\..\Dependencies\bullet3\src\BulletCollision\CollisionShapes\btConvex2dShape.h">
      <Filter>src</Filter>
    </ClInclude>
    <ClInclude Include="..\..\..\..\Dependencies\bullet3\src\BulletCollision\CollisionShapes\btConvexHullShape.h">
      <Filter>src</Filter>
    </ClInclude>
    <ClInclude Include="..\..\..\..\Dependencies\bullet3\src\BulletCollision\CollisionShapes\btConvexInternalShape.h">
      <Filter>src</Filter>
    </ClInclude>
    <ClInclude Include="..\..\..\..\Dependencies\bullet3\src\BulletCollision\CollisionShapes\btConvexPointCloudShape.h">
      <Filter>src</Filter>
    </ClInclude>
    <ClInclude Include="..\..\..\..\Dependencies\bullet3\src\BulletCollision\CollisionShapes\btConvexPolyhedron.h">
      <Filter>src</Filter>
    </ClInclude>
    <ClInclude Include="..\..\..\..\Dependencies\bullet3\src\BulletCollision\CollisionShapes\btConvexShape.h">
      <Filter>src</Filter>
    </ClInclude>
    <ClInclude Include="..\..\..\..\Dependencies\bullet3\src\BulletCollision\CollisionShapes\btConvexTriangleMeshShape.h">
      <Filter>src</Filter>
    </ClInclude>
    <ClInclude Include="..\..\..\..\Dependencies\bullet3\src\BulletCollision\CollisionShapes\btCylinderShape.h">
      <Filter>src</Filter>
    </ClInclude>
    <ClInclude Include="..\..\..\..\Dependencies\bullet3\src\BulletCollision\CollisionShapes\btEmptyShape.h">
      <Filter>src</Filter>
    </ClInclude>
    <ClInclude Include="..\..\..\..\Dependencies\bullet3\src\BulletCollision\CollisionShapes\btHeightfieldTerrainShape.h">
      <Filter>src</Filter>
    </ClInclude>
    <ClInclude Include="..\..\..\..\Dependencies\bullet3\src\BulletCollision\CollisionShapes\btMaterial.h">
      <Filter>src</Filter>
    </ClInclude>
    <ClInclude Include="..\..\..\..\Dependencies\bullet3\src\BulletCollision\CollisionShapes\btMinkowskiSumShape.h">
      <Filter>src</Filter>
    </ClInclude>
    <ClInclude Include="..\..\..\..\Dependencies\bullet3\src\BulletCollision\CollisionShapes\btMultimaterialTriangleMeshShape.h">
      <Filter>src</Filter>
    </ClInclude>
    <ClInclude Include="..\..\..\..\Dependencies\bullet3\src\BulletCollision\CollisionShapes\btMultiSphereShape.h">
      <Filter>src</Filter>
    </ClInclude>
    <ClInclude Include="..\..\..\..\Dependencies\bullet3\src\BulletCollision\CollisionShapes\btOptimizedBvh.h">
      <Filter>src</Filter>
    </ClInclude>
    <ClInclude Include="..\..\..\..\Dependencies\bullet3\src\BulletCollision\CollisionShapes\btPolyhedralConvexShape.h">
      <Filter>src</Filter>
    </ClInclude>
    <ClInclude Include="..\..\..\..\Dependencies\bullet3\src\BulletCollision\CollisionShapes\btScaledBvhTriangleMeshShape.h">
      <Filter>src</Filter>
    </ClInclude>
    <ClInclude Include="..\..\..\..\Dependencies\bullet3\src\BulletCollision\CollisionShapes\btShapeHull.h">
      <Filter>src</Filter>
    </ClInclude>
    <ClInclude Include="..\..\..\..\Dependencies\bullet3\src\BulletCollision\CollisionShapes\btSphereShape.h">
      <Filter>src</Filter>
    </ClInclude>
    <ClInclude Include="..\..\..\..\Dependencies\bullet3\src\BulletCollision\CollisionShapes\btStaticPlaneShape.h">
      <Filter>src</Filter>
    </ClInclude>
    <ClInclude Include="..\..\..\..\Dependencies\bullet3\src\BulletCollision\CollisionShapes\btStridingMeshInterface.h">
      <Filter>src</Filter>
    </ClInclude>
    <ClInclude Include="..\..\..\..\Dependencies\bullet3\src\BulletCollision\CollisionShapes\btTetrahedronShape.h">
      <Filter>src</Filter>
    </ClInclude>
    <ClInclude Include="..\..\..\..\Dependencies\bullet3\src\BulletCollision\CollisionShapes\btTriangleBuffer.h">
      <Filter>src</Filter>
    </ClInclude>
    <ClInclude Include="..\..\..\..\Dependencies\bullet3\src\BulletCollision\CollisionShapes\btTriangleCallback.h">
      <Filter>src</Filter>
    </ClInclude>
    <ClInclude Include="..\..\..\..\Dependencies\bullet3\src\BulletCollision\CollisionShapes\btTriangleIndexVertexArray.h">
      <Filter>src</Filter>
    </ClInclude>
    <ClInclude Include="..\..\..\..\Dependencies\bullet3\src\BulletCollision\CollisionShapes\btTriangleIndexVertexMaterialArray.h">
      <Filter>src</Filter>
    </ClInclude>
    <ClInclude Include="..\..\..\..\Dependencies\bullet3\src\BulletCollision\CollisionShapes\btTriangleInfoMap.h">
      <Filter>src</Filter>
    </ClInclude>
    <ClInclude Include="..\..\..\..\Dependencies\bullet3\src\BulletCollision\CollisionShapes\btTriangleMesh.h">
      <Filter>src</Filter>
    </ClInclude>
    <ClInclude Include="..\..\..\..\Dependencies\bullet3\src\BulletCollision\CollisionShapes\btTriangleMeshShape.h">
      <Filter>src</Filter>
    </ClInclude>
    <ClInclude Include="..\..\..\..\Dependencies\bullet3\src\BulletCollision\CollisionShapes\btTriangleShape.h">
      <Filter>src</Filter>
    </ClInclude>
    <ClInclude Include="..\..\..\..\Dependencies\bullet3\src\BulletCollision\CollisionShapes\btUniformScalingShape.h">
      <Filter>src</Filter>
    </ClInclude>
    <ClInclude Include="..\..\..\..\Dependencies\bullet3\src\BulletCollision\Gimpact\btBoxCollision.h">
      <Filter>src</Filter>
    </ClInclude>
    <ClInclude Include="..\..\..\..\Dependencies\bullet3\src\BulletCollision\Gimpact\btClipPolygon.h">
      <Filter>src</Filter>
    </ClInclude>
    <ClInclude Include="..\..\..\..\Dependencies\bullet3\src\BulletCollision\Gimpact\btCompoundFromGimpact.h">
      <Filter>src</Filter>
    </ClInclude>
    <ClInclude Include="..\..\..\..\Dependencies\bullet3\src\BulletCollision\Gimpact\btContactProcessing.h">
      <Filter>src</Filter>
    </ClInclude>
    <ClInclude Include="..\..\..\..\Dependencies\bullet3\src\BulletCollision\Gimpact\btContactProcessingStructs.h">
      <Filter>src</Filter>
    </ClInclude>
    <ClInclude Include="..\..\..\..\Dependencies\bullet3\src\BulletCollision\Gimpact\btGenericPoolAllocator.h">
      <Filter>src</Filter>
    </ClInclude>
    <ClInclude Include="..\..\..\..\Dependencies\bullet3\src\BulletCollision\Gimpact\btGeometryOperations.h">
      <Filter>src</Filter>
    </ClInclude>
    <ClInclude Include="..\..\..\..\Dependencies\bullet3\src\BulletCollision\Gimpact\btGImpactBvh.h">
      <Filter>src</Filter>
    </ClInclude>
    <ClInclude Include="..\..\..\..\Dependencies\bullet3\src\BulletCollision\Gimpact\btGImpactBvhStructs.h">
      <Filter>src</Filter>
    </ClInclude>
    <ClInclude Include="..\..\..\..\Dependencies\bullet3\src\BulletCollision\Gimpact\btGImpactCollisionAlgorithm.h">
      <Filter>src</Filter>
    </ClInclude>
    <ClInclude Include="..\..\..\..\Dependencies\bullet3\src\BulletCollision\Gimpact\btGImpactMassUtil.h">
      <Filter>src</Filter>
    </ClInclude>
    <ClInclude Include="..\..\..\..\Dependencies\bullet3\src\BulletCollision\Gimpact\btGImpactQuantizedBvh.h">
      <Filter>src</Filter>
    </ClInclude>
    <ClInclude Include="..\..\..\..\Dependencies\bullet3\src\BulletCollision\Gimpact\btGImpactQuantizedBvhStructs.h">
      <Filter>src</Filter>
    </ClInclude>
    <ClInclude Include="..\..\..\..\Dependencies\bullet3\src\BulletCollision\Gimpact\btGImpactShape.h">
      <Filter>src</Filter>
    </ClInclude>
    <ClInclude Include="..\..\..\..\Dependencies\bullet3\src\BulletCollision\Gimpact\btQuantization.h">
      <Filter>src</Filter>
    </ClInclude>
    <ClInclude Include="..\..\..\..\Dependencies\bullet3\src\BulletCollision\Gimpact\btTriangleShapeEx.h">
      <Filter>src</Filter>
    </ClInclude>
    <ClInclude Include="..\..\..\..\Dependencies\bullet3\src\BulletCollision\Gimpact\gim_array.h">
      <Filter>src</Filter>
    </ClInclude>
    <ClInclude Include="..\..\..\..\Dependencies\bullet3\src\BulletCollision\Gimpact\gim_basic_geometry_operations.h">
      <Filter>src</Filter>
    </ClInclude>
    <ClInclude Include="..\..\..\..\Dependencies\bullet3\src\BulletCollision\Gimpact\gim_bitset.h">
      <Filter>src</Filter>
    </ClInclude>
    <ClInclude Include="..\..\..\..\Dependencies\bullet3\src\BulletCollision\Gimpact\gim_box_collision.h">
      <Filter>src</Filter>
    </ClInclude>
    <ClInclude Include="..\..\..\..\Dependencies\bullet3\src\BulletCollision\Gimpact\gim_box_set.h">
      <Filter>src</Filter>
    </ClInclude>
    <ClInclude Include="..\..\..\..\Dependencies\bullet3\src\BulletCollision\Gimpact\gim_clip_polygon.h">
      <Filter>src</Filter>
    </ClInclude>
    <ClInclude Include="..\..\..\..\Dependencies\bullet3\src\BulletCollision\Gimpact\gim_contact.h">
      <Filter>src</Filter>
    </ClInclude>
    <ClInclude Include="..\..\..\..\Dependencies\bullet3\src\BulletCollision\Gimpact\gim_geom_types.h">
      <Filter>src</Filter>
    </ClInclude>
    <ClInclude Include="..\..\..\..\Dependencies\bullet3\src\BulletCollision\Gimpact\gim_geometry.h">
      <Filter>src</Filter>
    </ClInclude>
    <ClInclude Include="..\..\..\..\Dependencies\bullet3\src\BulletCollision\Gimpact\gim_hash_table.h">
      <Filter>src</Filter>
    </ClInclude>
    <ClInclude Include="..\..\..\..\Dependencies\bullet3\src\BulletCollision\Gimpact\gim_linear_math.h">
      <Filter>src</Filter>
    </ClInclude>
    <ClInclude Include="..\..\..\..\Dependencies\bullet3\src\BulletCollision\Gimpact\gim_math.h">
      <Filter>src</Filter>
    </ClInclude>
    <ClInclude Include="..\..\..\..\Dependencies\bullet3\src\BulletCollision\Gimpact\gim_memory.h">
      <Filter>src</Filter>
    </ClInclude>
    <ClInclude Include="..\..\..\..\Dependencies\bullet3\src\BulletCollision\Gimpact\gim_radixsort.h">
      <Filter>src</Filter>
    </ClInclude>
    <ClInclude Include="..\..\..\..\Dependencies\bullet3\src\BulletCollision\Gimpact\gim_tri_collision.h">
      <Filter>src</Filter>
    </ClInclude>
    <ClInclude Include="..\..\..\..\Dependencies\bullet3\src\BulletCollision\NarrowPhaseCollision\btComputeGjkEpaPenetration.h">
      <Filter>src</Filter>
    </ClInclude>
    <ClInclude Include="..\..\..\..\Dependencies\bullet3\src\BulletCollision\NarrowPhaseCollision\btContinuousConvexCollision.h">
      <Filter>src</Filter>
    </ClInclude>
    <ClInclude Include="..\..\..\..\Dependencies\bullet3\src\BulletCollision\NarrowPhaseCollision\btConvexCast.h">
      <Filter>src</Filter>
    </ClInclude>
    <ClInclude Include="..\..\..\..\Dependencies\bullet3\src\BulletCollision\NarrowPhaseCollision\btConvexPenetrationDepthSolver.h">
      <Filter>src</Filter>
    </ClInclude>
    <ClInclude Include="..\..\..\..\Dependencies\bullet3\src\BulletCollision\NarrowPhaseCollision\btDiscreteCollisionDetectorInterface.h">
      <Filter>src</Filter>
    </ClInclude>
    <ClInclude Include="..\..\..\..\Dependencies\bullet3\src\BulletCollision\NarrowPhaseCollision\btGjkCollisionDescription.h">
      <Filter>src</Filter>
    </ClInclude>
    <ClInclude Include="..\..\..\..\Dependencies\bullet3\src\BulletCollision\NarrowPhaseCollision\btGjkConvexCast.h">
      <Filter>src</Filter>
    </ClInclude>
    <ClInclude Include="..\..\..\..\Dependencies\bullet3\src\BulletCollision\NarrowPhaseCollision\btGjkEpa2.h">
      <Filter>src</Filter>
    </ClInclude>
    <ClInclude Include="..\..\..\..\Dependencies\bullet3\src\BulletCollision\NarrowPhaseCollision\btGjkEpa3.h">
      <Filter>src</Filter>
    </ClInclude>
    <ClInclude Include="..\..\..\..\Dependencies\bullet3\src\BulletCollision\NarrowPhaseCollision\btGjkEpaPenetrationDepthSolver.h">
      <Filter>src</Filter>
    </ClInclude>
    <ClInclude Include="..\..\..\..\Dependencies\bullet3\src\BulletCollision\NarrowPhaseCollision\btGjkPairDetector.h">
      <Filter>src</Filter>
    </ClInclude>
    <ClInclude Include="..\..\..\..\Dependencies\bullet3\src\BulletCollision\NarrowPhaseCollision\btManifoldPoint.h">
      <Filter>src</Filter>
    </ClInclude>
    <ClInclude Include="..\..\..\..\Dependencies\bullet3\src\BulletCollision\NarrowPhaseCollision\btMinkowskiPenetrationDepthSolver.h">
      <Filter>src</Filter>
    </ClInclude>
    <ClInclude Include="..\..\..\..\Dependencies\bullet3\src\BulletCollision\NarrowPhaseCollision\btMprPenetration.h">
      <Filter>src</Filter>
    </ClInclude>
    <ClInclude Include="..\..\..\..\Dependencies\bullet3\src\BulletCollision\NarrowPhaseCollision\btPersistentManifold.h">
      <Filter>src</Filter>
    </ClInclude>
    <ClInclude Include="..\..\..\..\Dependencies\bullet3\src\BulletCollision\NarrowPhaseCollision\btPointCollector.h">
      <Filter>src</Filter>
    </ClInclude>
    <ClInclude Include="..\..\..\..\Dependencies\bullet3\src\BulletCollision\NarrowPhaseCollision\btPolyhedralContactClipping.h">
      <Filter>src</Filter>
    </ClInclude>
    <ClInclude Include="..\..\..\..\Dependencies\bullet3\src\BulletCollision\NarrowPhaseCollision\btRaycastCallback.h">
      <Filter>src</Filter>
    </ClInclude>
    <ClInclude Include="..\..\..\..\Dependencies\bullet3\src\BulletCollision\NarrowPhaseCollision\btSimplexSolverInterface.h">
      <Filter>src</Filter>
    </ClInclude>
    <ClInclude Include="..\..\..\..\Dependencies\bullet3\src\BulletCollision\NarrowPhaseCollision\btSubSimplexConvexCast.h">
      <Filter>src</Filter>
    </ClInclude>
    <ClInclude Include="..\..\..\..\Dependencies\bullet3\src\BulletCollision\NarrowPhaseCollision\btVoronoiSimplexSolver.h">
      <Filter>src</Filter>
    </ClInclude>
    <ClInclude Include="..\..\..\..\Dependencies\bullet3\src\BulletDynamics\Character\btCharacterControllerInterface.h">
      <Filter>src</Filter>
    </ClInclude>
    <ClInclude Include="..\..\..\..\Dependencies\bullet3\src\BulletDynamics\Character\btKinematicCharacterController.h">
      <Filter>src</Filter>
    </ClInclude>
    <ClInclude Include="..\..\..\..\Dependencies\bullet3\src\BulletDynamics\ConstraintSolver\btConeTwistConstraint.h">
      <Filter>src</Filter>
    </ClInclude>
    <ClInclude Include="..\..\..\..\Dependencies\bullet3\src\BulletDynamics\ConstraintSolver\btConstraintSolver.h">
      <Filter>src</Filter>
    </ClInclude>
    <ClInclude Include="..\..\..\..\Dependencies\bullet3\src\BulletDynamics\ConstraintSolver\btContactConstraint.h">
      <Filter>src</Filter>
    </ClInclude>
    <ClInclude Include="..\..\..\..\Dependencies\bullet3\src\BulletDynamics\ConstraintSolver\btContactSolverInfo.h">
      <Filter>src</Filter>
    </ClInclude>
    <ClInclude Include="..\..\..\..\Dependencies\bullet3\src\BulletDynamics\ConstraintSolver\btFixedConstraint.h">
      <Filter>src</Filter>
    </ClInclude>
    <ClInclude Include="..\..\..\..\Dependencies\bullet3\src\BulletDynamics\ConstraintSolver\btGearConstraint.h">
      <Filter>src</Filter>
    </ClInclude>
    <ClInclude Include="..\..\..\..\Dependencies\bullet3\src\BulletDynamics\ConstraintSolver\btGeneric6DofConstraint.h">
      <Filter>src</Filter>
    </ClInclude>
    <ClInclude Include="..\..\..\..\Dependencies\bullet3\src\BulletDynamics\ConstraintSolver\btGeneric6DofSpring2Constraint.h">
      <Filter>src</Filter>
    </ClInclude>
    <ClInclude Include="..\..\..\..\Dependencies\bullet3\src\BulletDynamics\ConstraintSolver\btGeneric6DofSpringConstraint.h">
      <Filter>src</Filter>
    </ClInclude>
    <ClInclude Include="..\..\..\..\Dependencies\bullet3\src\BulletDynamics\ConstraintSolver\btHinge2Constraint.h">
      <Filter>src</Filter>
    </ClInclude>
    <ClInclude Include="..\..\..\..\Dependencies\bullet3\src\BulletDynamics\ConstraintSolver\btHingeConstraint.h">
      <Filter>src</Filter>
    </ClInclude>
    <ClInclude Include="..\..\..\..\Dependencies\bullet3\src\BulletDynamics\ConstraintSolver\btJacobianEntry.h">
      <Filter>src</Filter>
    </ClInclude>
    <ClInclude Include="..\..\..\..\Dependencies\bullet3\src\BulletDynamics\ConstraintSolver\btNNCGConstraintSolver.h">
      <Filter>src</Filter>
    </ClInclude>
    <ClInclude Include="..\..\..\..\Dependencies\bullet3\src\BulletDynamics\ConstraintSolver\btPoint2PointConstraint.h">
      <Filter>src</Filter>
    </ClInclude>
    <ClInclude Include="..\..\..\..\Dependencies\bullet3\src\BulletDynamics\ConstraintSolver\btSequentialImpulseConstraintSolver.h">
      <Filter>src</Filter>
    </ClInclude>
    <ClInclude Include="..\..\..\..\Dependencies\bullet3\src\BulletDynamics\ConstraintSolver\btSliderConstraint.h">
      <Filter>src</Filter>
    </ClInclude>
    <ClInclude Include="..\..\..\..\Dependencies\bullet3\src\BulletDynamics\ConstraintSolver\btSolve2LinearConstraint.h">
      <Filter>src</Filter>
    </ClInclude>
    <ClInclude Include="..\..\..\..\Dependencies\bullet3\src\BulletDynamics\ConstraintSolver\btSolverBody.h">
      <Filter>src</Filter>
    </ClInclude>
    <ClInclude Include="..\..\..\..\Dependencies\bullet3\src\BulletDynamics\ConstraintSolver\btSolverConstraint.h">
      <Filter>src</Filter>
    </ClInclude>
    <ClInclude Include="..\..\..\..\Dependencies\bullet3\src\BulletDynamics\ConstraintSolver\btTypedConstraint.h">
      <Filter>src</Filter>
    </ClInclude>
    <ClInclude Include="..\..\..\..\Dependencies\bullet3\src\BulletDynamics\ConstraintSolver\btUniversalConstraint.h">
      <Filter>src</Filter>
    </ClInclude>
    <ClInclude Include="..\..\..\..\Dependencies\bullet3\src\BulletDynamics\Dynamics\btActionInterface.h">
      <Filter>src</Filter>
    </ClInclude>
    <ClInclude Include="..\..\..\..\Dependencies\bullet3\src\BulletDynamics\Dynamics\btDiscreteDynamicsWorld.h">
      <Filter>src</Filter>
    </ClInclude>
    <ClInclude Include="..\..\..\..\Dependencies\bullet3\src\BulletDynamics\Dynamics\btDiscreteDynamicsWorldMt.h">
      <Filter>src</Filter>
    </ClInclude>
    <ClInclude Include="..\..\..\..\Dependencies\bullet3\src\BulletDynamics\Dynamics\btDynamicsWorld.h">
      <Filter>src</Filter>
    </ClInclude>
    <ClInclude Include="..\..\..\..\Dependencies\bullet3\src\BulletDynamics\Dynamics\btRigidBody.h">
      <Filter>src</Filter>
    </ClInclude>
    <ClInclude Include="..\..\..\..\Dependencies\bullet3\src\BulletDynamics\Dynamics\btSimpleDynamicsWorld.h">
      <Filter>src</Filter>
    </ClInclude>
    <ClInclude Include="..\..\..\..\Dependencies\bullet3\src\BulletDynamics\Dynamics\btSimulationIslandManagerMt.h">
      <Filter>src</Filter>
    </ClInclude>
    <ClInclude Include="..\..\..\..\Dependencies\bullet3\src\BulletDynamics\Featherstone\btMultiBody.h">
      <Filter>src</Filter>
    </ClInclude>
    <ClInclude Include="..\..\..\..\Dependencies\bullet3\src\BulletDynamics\Featherstone\btMultiBodyConstraint.h">
      <Filter>src</Filter>
    </ClInclude>
    <ClInclude Include="..\..\..\..\Dependencies\bullet3\src\BulletDynamics\Featherstone\btMultiBodyConstraintSolver.h">
      <Filter>src</Filter>
    </ClInclude>
    <ClInclude Include="..\..\..\..\Dependencies\bullet3\src\BulletDynamics\Featherstone\btMultiBodyDynamicsWorld.h">
      <Filter>src</Filter>
    </ClInclude>
    <ClInclude Include="..\..\..\..\Dependencies\bullet3\src\BulletDynamics\Featherstone\btMultiBodyFixedConstraint.h">
      <Filter>src</Filter>
    </ClInclude>
    <ClInclude Include="..\..\..\..\Dependencies\bullet3\src\BulletDynamics\Featherstone\btMultiBodyGearConstraint.h">
      <Filter>src</Filter>
    </ClInclude>
    <ClInclude Include="..\..\..\..\Dependencies\bullet3\src\BulletDynamics\Featherstone\btMultiBodyJointFeedback.h">
      <Filter>src</Filter>
    </ClInclude>
    <ClInclude Include="..\..\..\..\Dependencies\bullet3\src\BulletDynamics\Featherstone\btMultiBodyJointLimitConstraint.h">
      <Filter>src</Filter>
    </ClInclude>
    <ClInclude Include="..\..\..\..\Dependencies\bullet3\src\BulletDynamics\Featherstone\btMultiBodyJointMotor.h">
      <Filter>src</Filter>
    </ClInclude>
    <ClInclude Include="..\..\..\..\Dependencies\bullet3\src\BulletDynamics\Featherstone\btMultiBodyLink.h">
      <Filter>src</Filter>
    </ClInclude>
    <ClInclude Include="..\..\..\..\Dependencies\bullet3\src\BulletDynamics\Featherstone\btMultiBodyLinkCollider.h">
      <Filter>src</Filter>
    </ClInclude>
    <ClInclude Include="..\..\..\..\Dependencies\bullet3\src\BulletDynamics\Featherstone\btMultiBodyPoint2Point.h">
      <Filter>src</Filter>
    </ClInclude>
    <ClInclude Include="..\..\..\..\Dependencies\bullet3\src\BulletDynamics\Featherstone\btMultiBodySliderConstraint.h">
      <Filter>src</Filter>
    </ClInclude>
    <ClInclude Include="..\..\..\..\Dependencies\bullet3\src\BulletDynamics\Featherstone\btMultiBodySolverConstraint.h">
      <Filter>src</Filter>
    </ClInclude>
    <ClInclude Include="..\..\..\..\Dependencies\bullet3\src\BulletDynamics\MLCPSolvers\btDantzigLCP.h">
      <Filter>src</Filter>
    </ClInclude>
    <ClInclude Include="..\..\..\..\Dependencies\bullet3\src\BulletDynamics\MLCPSolvers\btDantzigSolver.h">
      <Filter>src</Filter>
    </ClInclude>
    <ClInclude Include="..\..\..\..\Dependencies\bullet3\src\BulletDynamics\MLCPSolvers\btLemkeAlgorithm.h">
      <Filter>src</Filter>
    </ClInclude>
    <ClInclude Include="..\..\..\..\Dependencies\bullet3\src\BulletDynamics\MLCPSolvers\btLemkeSolver.h">
      <Filter>src</Filter>
    </ClInclude>
    <ClInclude Include="..\..\..\..\Dependencies\bullet3\src\BulletDynamics\MLCPSolvers\btMLCPSolver.h">
      <Filter>src</Filter>
    </ClInclude>
    <ClInclude Include="..\..\..\..\Dependencies\bullet3\src\BulletDynamics\MLCPSolvers\btMLCPSolverInterface.h">
      <Filter>src</Filter>
    </ClInclude>
    <ClInclude Include="..\..\..\..\Dependencies\bullet3\src\BulletDynamics\MLCPSolvers\btPATHSolver.h">
      <Filter>src</Filter>
    </ClInclude>
    <ClInclude Include="..\..\..\..\Dependencies\bullet3\src\BulletDynamics\MLCPSolvers\btSolveProjectedGaussSeidel.h">
      <Filter>src</Filter>
    </ClInclude>
    <ClInclude Include="..\..\..\..\Dependencies\bullet3\src\BulletDynamics\Vehicle\btRaycastVehicle.h">
      <Filter>src</Filter>
    </ClInclude>
    <ClInclude Include="..\..\..\..\Dependencies\bullet3\src\BulletDynamics\Vehicle\btVehicleRaycaster.h">
      <Filter>src</Filter>
    </ClInclude>
    <ClInclude Include="..\..\..\..\Dependencies\bullet3\src\BulletDynamics\Vehicle\btWheelInfo.h">
      <Filter>src</Filter>
    </ClInclude>
    <ClInclude Include="..\..\..\..\Dependencies\bullet3\src\BulletInverseDynamics\IDConfig.hpp">
      <Filter>src</Filter>
    </ClInclude>
    <ClInclude Include="..\..\..\..\Dependencies\bullet3\src\BulletInverseDynamics\IDConfigBuiltin.hpp">
      <Filter>src</Filter>
    </ClInclude>
    <ClInclude Include="..\..\..\..\Dependencies\bullet3\src\BulletInverseDynamics\IDConfigEigen.hpp">
      <Filter>src</Filter>
    </ClInclude>
    <ClInclude Include="..\..\..\..\Dependencies\bullet3\src\BulletInverseDynamics\IDErrorMessages.hpp">
      <Filter>src</Filter>
    </ClInclude>
    <ClInclude Include="..\..\..\..\Dependencies\bullet3\src\BulletInverseDynamics\IDMath.hpp">
      <Filter>src</Filter>
    </ClInclude>
    <ClInclude Include="..\..\..\..\Dependencies\bullet3\src\BulletInverseDynamics\MultiBodyTree.hpp">
      <Filter>src</Filter>
    </ClInclude>
    <ClInclude Include="..\..\..\..\Dependencies\bullet3\src\BulletInverseDynamics\details\IDEigenInterface.hpp">
      <Filter>src</Filter>
    </ClInclude>
    <ClInclude Include="..\..\..\..\Dependencies\bullet3\src\BulletInverseDynamics\details\IDLinearMathInterface.hpp">
      <Filter>src</Filter>
    </ClInclude>
    <ClInclude Include="..\..\..\..\Dependencies\bullet3\src\BulletInverseDynamics\details\IDMatVec.hpp">
      <Filter>src</Filter>
    </ClInclude>
    <ClInclude Include="..\..\..\..\Dependencies\bullet3\src\BulletInverseDynamics\details\MultiBodyTreeImpl.hpp">
      <Filter>src</Filter>
    </ClInclude>
    <ClInclude Include="..\..\..\..\Dependencies\bullet3\src\BulletInverseDynamics\details\MultiBodyTreeInitCache.hpp">
      <Filter>src</Filter>
    </ClInclude>
    <ClInclude Include="..\..\..\..\Dependencies\bullet3\src\BulletSoftBody\btDefaultSoftBodySolver.h">
      <Filter>src</Filter>
    </ClInclude>
    <ClInclude Include="..\..\..\..\Dependencies\bullet3\src\BulletSoftBody\btSoftBody.h">
      <Filter>src</Filter>
    </ClInclude>
    <ClInclude Include="..\..\..\..\Dependencies\bullet3\src\BulletSoftBody\btSoftBodyConcaveCollisionAlgorithm.h">
      <Filter>src</Filter>
    </ClInclude>
    <ClInclude Include="..\..\..\..\Dependencies\bullet3\src\BulletSoftBody\btSoftBodyData.h">
      <Filter>src</Filter>
    </ClInclude>
    <ClInclude Include="..\..\..\..\Dependencies\bullet3\src\BulletSoftBody\btSoftBodyHelpers.h">
      <Filter>src</Filter>
    </ClInclude>
    <ClInclude Include="..\..\..\..\Dependencies\bullet3\src\BulletSoftBody\btSoftBodyInternals.h">
      <Filter>src</Filter>
    </ClInclude>
    <ClInclude Include="..\..\..\..\Dependencies\bullet3\src\BulletSoftBody\btSoftBodyRigidBodyCollisionConfiguration.h">
      <Filter>src</Filter>
    </ClInclude>
    <ClInclude Include="..\..\..\..\Dependencies\bullet3\src\BulletSoftBody\btSoftBodySolvers.h">
      <Filter>src</Filter>
    </ClInclude>
    <ClInclude Include="..\..\..\..\Dependencies\bullet3\src\BulletSoftBody\btSoftBodySolverVertexBuffer.h">
      <Filter>src</Filter>
    </ClInclude>
    <ClInclude Include="..\..\..\..\Dependencies\bullet3\src\BulletSoftBody\btSoftMultiBodyDynamicsWorld.h">
      <Filter>src</Filter>
    </ClInclude>
    <ClInclude Include="..\..\..\..\Dependencies\bullet3\src\BulletSoftBody\btSoftRigidCollisionAlgorithm.h">
      <Filter>src</Filter>
    </ClInclude>
    <ClInclude Include="..\..\..\..\Dependencies\bullet3\src\BulletSoftBody\btSoftRigidDynamicsWorld.h">
      <Filter>src</Filter>
    </ClInclude>
    <ClInclude Include="..\..\..\..\Dependencies\bullet3\src\BulletSoftBody\btSoftSoftCollisionAlgorithm.h">
      <Filter>src</Filter>
    </ClInclude>
    <ClInclude Include="..\..\..\..\Dependencies\bullet3\src\BulletSoftBody\btSparseSDF.h">
      <Filter>src</Filter>
    </ClInclude>
    <ClInclude Include="..\..\..\..\Dependencies\bullet3\src\clew\clew.h">
      <Filter>src</Filter>
    </ClInclude>
    <ClInclude Include="..\..\..\..\Dependencies\bullet3\src\LinearMath\btAabbUtil2.h">
      <Filter>src</Filter>
    </ClInclude>
    <ClInclude Include="..\..\..\..\Dependencies\bullet3\src\LinearMath\btAlignedAllocator.h">
      <Filter>src</Filter>
    </ClInclude>
    <ClInclude Include="..\..\..\..\Dependencies\bullet3\src\LinearMath\btAlignedObjectArray.h">
      <Filter>src</Filter>
    </ClInclude>
    <ClInclude Include="..\..\..\..\Dependencies\bullet3\src\LinearMath\btConvexHull.h">
      <Filter>src</Filter>
    </ClInclude>
    <ClInclude Include="..\..\..\..\Dependencies\bullet3\src\LinearMath\btConvexHullComputer.h">
      <Filter>src</Filter>
    </ClInclude>
    <ClInclude Include="..\..\..\..\Dependencies\bullet3\src\LinearMath\btCpuFeatureUtility.h">
      <Filter>src</Filter>
    </ClInclude>
    <ClInclude Include="..\..\..\..\Dependencies\bullet3\src\LinearMath\btDefaultMotionState.h">
      <Filter>src</Filter>
    </ClInclude>
    <ClInclude Include="..\..\..\..\Dependencies\bullet3\src\LinearMath\btGeometryUtil.h">
      <Filter>src</Filter>
    </ClInclude>
    <ClInclude Include="..\..\..\..\Dependencies\bullet3\src\LinearMath\btGrahamScan2dConvexHull.h">
      <Filter>src</Filter>
    </ClInclude>
    <ClInclude Include="..\..\..\..\Dependencies\bullet3\src\LinearMath\btHashMap.h">
      <Filter>src</Filter>
    </ClInclude>
    <ClInclude Include="..\..\..\..\Dependencies\bullet3\src\LinearMath\btIDebugDraw.h">
      <Filter>src</Filter>
    </ClInclude>
    <ClInclude Include="..\..\..\..\Dependencies\bullet3\src\LinearMath\btList.h">
      <Filter>src</Filter>
    </ClInclude>
    <ClInclude Include="..\..\..\..\Dependencies\bullet3\src\LinearMath\btMatrix3x3.h">
      <Filter>src</Filter>
    </ClInclude>
    <ClInclude Include="..\..\..\..\Dependencies\bullet3\src\LinearMath\btMatrixX.h">
      <Filter>src</Filter>
    </ClInclude>
    <ClInclude Include="..\..\..\..\Dependencies\bullet3\src\LinearMath\btMinMax.h">
      <Filter>src</Filter>
    </ClInclude>
    <ClInclude Include="..\..\..\..\Dependencies\bullet3\src\LinearMath\btMotionState.h">
      <Filter>src</Filter>
    </ClInclude>
    <ClInclude Include="..\..\..\..\Dependencies\bullet3\src\LinearMath\btPolarDecomposition.h">
      <Filter>src</Filter>
    </ClInclude>
    <ClInclude Include="..\..\..\..\Dependencies\bullet3\src\LinearMath\btPoolAllocator.h">
      <Filter>src</Filter>
    </ClInclude>
    <ClInclude Include="..\..\..\..\Dependencies\bullet3\src\LinearMath\btQuadWord.h">
      <Filter>src</Filter>
    </ClInclude>
    <ClInclude Include="..\..\..\..\Dependencies\bullet3\src\LinearMath\btQuaternion.h">
      <Filter>src</Filter>
    </ClInclude>
    <ClInclude Include="..\..\..\..\Dependencies\bullet3\src\LinearMath\btQuickprof.h">
      <Filter>src</Filter>
    </ClInclude>
    <ClInclude Include="..\..\..\..\Dependencies\bullet3\src\LinearMath\btRandom.h">
      <Filter>src</Filter>
    </ClInclude>
    <ClInclude Include="..\..\..\..\Dependencies\bullet3\src\LinearMath\btScalar.h">
      <Filter>src</Filter>
    </ClInclude>
    <ClInclude Include="..\..\..\..\Dependencies\bullet3\src\LinearMath\btSerializer.h">
      <Filter>src</Filter>
    </ClInclude>
    <ClInclude Include="..\..\..\..\Dependencies\bullet3\src\LinearMath\btSpatialAlgebra.h">
      <Filter>src</Filter>
    </ClInclude>
    <ClInclude Include="..\..\..\..\Dependencies\bullet3\src\LinearMath\btStackAlloc.h">
      <Filter>src</Filter>
    </ClInclude>
    <ClInclude Include="..\..\..\..\Dependencies\bullet3\src\LinearMath\btThreads.h">
      <Filter>src</Filter>
    </ClInclude>
    <ClInclude Include="..\..\..\..\Dependencies\bullet3\src\LinearMath\btTransform.h">
      <Filter>src</Filter>
    </ClInclude>
    <ClInclude Include="..\..\..\..\Dependencies\bullet3\src\LinearMath\btTransformUtil.h">
      <Filter>src</Filter>
    </ClInclude>
    <ClInclude Include="..\..\..\..\Dependencies\bullet3\src\LinearMath\btVector3.h">
      <Filter>src</Filter>
    </ClInclude>
  </ItemGroup>
  <ItemGroup>
    <ClCompile Include="..\..\..\..\Dependencies\bullet3\src\Bullet3Collision\BroadPhaseCollision\b3DynamicBvh.cpp">
      <Filter>src</Filter>
    </ClCompile>
    <ClCompile Include="..\..\..\..\Dependencies\bullet3\src\Bullet3Collision\BroadPhaseCollision\b3DynamicBvhBroadphase.cpp">
      <Filter>src</Filter>
    </ClCompile>
    <ClCompile Include="..\..\..\..\Dependencies\bullet3\src\Bullet3Collision\BroadPhaseCollision\b3OverlappingPairCache.cpp">
      <Filter>src</Filter>
    </ClCompile>
    <ClCompile Include="..\..\..\..\Dependencies\bullet3\src\Bullet3Collision\NarrowPhaseCollision\b3ConvexUtility.cpp">
      <Filter>src</Filter>
    </ClCompile>
    <ClCompile Include="..\..\..\..\Dependencies\bullet3\src\Bullet3Collision\NarrowPhaseCollision\b3CpuNarrowPhase.cpp">
      <Filter>src</Filter>
    </ClCompile>
    <ClCompile Include="..\..\..\..\Dependencies\bullet3\src\Bullet3Common\b3AlignedAllocator.cpp">
      <Filter>src</Filter>
    </ClCompile>
    <ClCompile Include="..\..\..\..\Dependencies\bullet3\src\Bullet3Common\b3Logging.cpp">
      <Filter>src</Filter>
    </ClCompile>
    <ClCompile Include="..\..\..\..\Dependencies\bullet3\src\Bullet3Common\b3Vector3.cpp">
      <Filter>src</Filter>
    </ClCompile>
    <ClCompile Include="..\..\..\..\Dependencies\bullet3\src\Bullet3Dynamics\b3CpuRigidBodyPipeline.cpp">
      <Filter>src</Filter>
    </ClCompile>
    <ClCompile Include="..\..\..\..\Dependencies\bullet3\src\Bullet3Dynamics\ConstraintSolver\b3FixedConstraint.cpp">
      <Filter>src</Filter>
    </ClCompile>
    <ClCompile Include="..\..\..\..\Dependencies\bullet3\src\Bullet3Dynamics\ConstraintSolver\b3Generic6DofConstraint.cpp">
      <Filter>src</Filter>
    </ClCompile>
    <ClCompile Include="..\..\..\..\Dependencies\bullet3\src\Bullet3Dynamics\ConstraintSolver\b3PgsJacobiSolver.cpp">
      <Filter>src</Filter>
    </ClCompile>
    <ClCompile Include="..\..\..\..\Dependencies\bullet3\src\Bullet3Dynamics\ConstraintSolver\b3Point2PointConstraint.cpp">
      <Filter>src</Filter>
    </ClCompile>
    <ClCompile Include="..\..\..\..\Dependencies\bullet3\src\Bullet3Dynamics\ConstraintSolver\b3TypedConstraint.cpp">
      <Filter>src</Filter>
    </ClCompile>
    <ClCompile Include="..\..\..\..\Dependencies\bullet3\src\Bullet3Geometry\b3ConvexHullComputer.cpp">
      <Filter>src</Filter>
    </ClCompile>
    <ClCompile Include="..\..\..\..\Dependencies\bullet3\src\Bullet3Geometry\b3GeometryUtil.cpp">
      <Filter>src</Filter>
    </ClCompile>
    <ClCompile Include="..\..\..\..\Dependencies\bullet3\src\Bullet3OpenCL\BroadphaseCollision\b3GpuGridBroadphase.cpp">
      <Filter>src</Filter>
    </ClCompile>
    <ClCompile Include="..\..\..\..\Dependencies\bullet3\src\Bullet3OpenCL\BroadphaseCollision\b3GpuParallelLinearBvh.cpp">
      <Filter>src</Filter>
    </ClCompile>
    <ClCompile Include="..\..\..\..\Dependencies\bullet3\src\Bullet3OpenCL\BroadphaseCollision\b3GpuParallelLinearBvhBroadphase.cpp">
      <Filter>src</Filter>
    </ClCompile>
    <ClCompile Include="..\..\..\..\Dependencies\bullet3\src\Bullet3OpenCL\BroadphaseCollision\b3GpuSapBroadphase.cpp">
      <Filter>src</Filter>
    </ClCompile>
    <ClCompile Include="..\..\..\..\Dependencies\bullet3\src\Bullet3OpenCL\Initialize\b3OpenCLUtils.cpp">
      <Filter>src</Filter>
    </ClCompile>
    <ClCompile Include="..\..\..\..\Dependencies\bullet3\src\Bullet3OpenCL\NarrowphaseCollision\b3ContactCache.cpp">
      <Filter>src</Filter>
    </ClCompile>
    <ClCompile Include="..\..\..\..\Dependencies\bullet3\src\Bullet3OpenCL\NarrowphaseCollision\b3ConvexHullContact.cpp">
      <Filter>src</Filter>
    </ClCompile>
    <ClCompile Include="..\..\..\..\Dependencies\bullet3\src\Bullet3OpenCL\NarrowphaseCollision\b3GjkEpa.cpp">
      <Filter>src</Filter>
    </ClCompile>
    <ClCompile Include="..\..\..\..\Dependencies\bullet3\src\Bullet3OpenCL\NarrowphaseCollision\b3OptimizedBvh.cpp">
      <Filter>src</Filter>
    </ClCompile>
    <ClCompile Include="..\..\..\..\Dependencies\bullet3\src\Bullet3OpenCL\NarrowphaseCollision\b3QuantizedBvh.cpp">
      <Filter>src</Filter>
    </ClCompile>
    <ClCompile Include="..\..\..\..\Dependencies\bullet3\src\Bullet3OpenCL\NarrowphaseCollision\b3StridingMeshInterface.cpp">
      <Filter>src</Filter>
    </ClCompile>
    <ClCompile Include="..\..\..\..\Dependencies\bullet3\src\Bullet3OpenCL\NarrowphaseCollision\b3TriangleCallback.cpp">
      <Filter>src</Filter>
    </ClCompile>
    <ClCompile Include="..\..\..\..\Dependencies\bullet3\src\Bullet3OpenCL\NarrowphaseCollision\b3TriangleIndexVertexArray.cpp">
      <Filter>src</Filter>
    </ClCompile>
    <ClCompile Include="..\..\..\..\Dependencies\bullet3\src\Bullet3OpenCL\NarrowphaseCollision\b3VoronoiSimplexSolver.cpp">
      <Filter>src</Filter>
    </ClCompile>
    <ClCompile Include="..\..\..\..\Dependencies\bullet3\src\Bullet3OpenCL\ParallelPrimitives\b3BoundSearchCL.cpp">
      <Filter>src</Filter>
    </ClCompile>
    <ClCompile Include="..\..\..\..\Dependencies\bullet3\src\Bullet3OpenCL\ParallelPrimitives\b3FillCL.cpp">
      <Filter>src</Filter>
    </ClCompile>
    <ClCompile Include="..\..\..\..\Dependencies\bullet3\src\Bullet3OpenCL\ParallelPrimitives\b3LauncherCL.cpp">
      <Filter>src</Filter>
    </ClCompile>
    <ClCompile Include="..\..\..\..\Dependencies\bullet3\src\Bullet3OpenCL\ParallelPrimitives\b3PrefixScanCL.cpp">
      <Filter>src</Filter>
    </ClCompile>
    <ClCompile Include="..\..\..\..\Dependencies\bullet3\src\Bullet3OpenCL\ParallelPrimitives\b3PrefixScanFloat4CL.cpp">
      <Filter>src</Filter>
    </ClCompile>
    <ClCompile Include="..\..\..\..\Dependencies\bullet3\src\Bullet3OpenCL\ParallelPrimitives\b3RadixSort32CL.cpp">
      <Filter>src</Filter>
    </ClCompile>
    <ClCompile Include="..\..\..\..\Dependencies\bullet3\src\Bullet3OpenCL\Raycast\b3GpuRaycast.cpp">
      <Filter>src</Filter>
    </ClCompile>
    <ClCompile Include="..\..\..\..\Dependencies\bullet3\src\Bullet3OpenCL\RigidBody\b3GpuGenericConstraint.cpp">
      <Filter>src</Filter>
    </ClCompile>
    <ClCompile Include="..\..\..\..\Dependencies\bullet3\src\Bullet3OpenCL\RigidBody\b3GpuJacobiContactSolver.cpp">
      <Filter>src</Filter>
    </ClCompile>
    <ClCompile Include="..\..\..\..\Dependencies\bullet3\src\Bullet3OpenCL\RigidBody\b3GpuNarrowPhase.cpp">
      <Filter>src</Filter>
    </ClCompile>
    <ClCompile Include="..\..\..\..\Dependencies\bullet3\src\Bullet3OpenCL\RigidBody\b3GpuPgsConstraintSolver.cpp">
      <Filter>src</Filter>
    </ClCompile>
    <ClCompile Include="..\..\..\..\Dependencies\bullet3\src\Bullet3OpenCL\RigidBody\b3GpuPgsContactSolver.cpp">
      <Filter>src</Filter>
    </ClCompile>
    <ClCompile Include="..\..\..\..\Dependencies\bullet3\src\Bullet3OpenCL\RigidBody\b3GpuRigidBodyPipeline.cpp">
      <Filter>src</Filter>
    </ClCompile>
    <ClCompile Include="..\..\..\..\Dependencies\bullet3\src\Bullet3OpenCL\RigidBody\b3Solver.cpp">
      <Filter>src</Filter>
    </ClCompile>
    <ClCompile Include="..\..\..\..\Dependencies\bullet3\src\Bullet3Serialize\Bullet2FileLoader\b3BulletFile.cpp">
      <Filter>src</Filter>
    </ClCompile>
    <ClCompile Include="..\..\..\..\Dependencies\bullet3\src\Bullet3Serialize\Bullet2FileLoader\b3Chunk.cpp">
      <Filter>src</Filter>
    </ClCompile>
    <ClCompile Include="..\..\..\..\Dependencies\bullet3\src\Bullet3Serialize\Bullet2FileLoader\b3DNA.cpp">
      <Filter>src</Filter>
    </ClCompile>
    <ClCompile Include="..\..\..\..\Dependencies\bullet3\src\Bullet3Serialize\Bullet2FileLoader\b3File.cpp">
      <Filter>src</Filter>
    </ClCompile>
    <ClCompile Include="..\..\..\..\Dependencies\bullet3\src\Bullet3Serialize\Bullet2FileLoader\b3Serializer.cpp">
      <Filter>src</Filter>
    </ClCompile>
    <ClCompile Include="..\..\..\..\Dependencies\bullet3\src\BulletCollision\BroadphaseCollision\btAxisSweep3.cpp">
      <Filter>src</Filter>
    </ClCompile>
    <ClCompile Include="..\..\..\..\Dependencies\bullet3\src\BulletCollision\BroadphaseCollision\btBroadphaseProxy.cpp">
      <Filter>src</Filter>
    </ClCompile>
    <ClCompile Include="..\..\..\..\Dependencies\bullet3\src\BulletCollision\BroadphaseCollision\btCollisionAlgorithm.cpp">
      <Filter>src</Filter>
    </ClCompile>
    <ClCompile Include="..\..\..\..\Dependencies\bullet3\src\BulletCollision\BroadphaseCollision\btDbvt.cpp">
      <Filter>src</Filter>
    </ClCompile>
    <ClCompile Include="..\..\..\..\Dependencies\bullet3\src\BulletCollision\BroadphaseCollision\btDbvtBroadphase.cpp">
      <Filter>src</Filter>
    </ClCompile>
    <ClCompile Include="..\..\..\..\Dependencies\bullet3\src\BulletCollision\BroadphaseCollision\btDispatcher.cpp">
      <Filter>src</Filter>
    </ClCompile>
    <ClCompile Include="..\..\..\..\Dependencies\bullet3\src\BulletCollision\BroadphaseCollision\btOverlappingPairCache.cpp">
      <Filter>src</Filter>
    </ClCompile>
    <ClCompile Include="..\..\..\..\Dependencies\bullet3\src\BulletCollision\BroadphaseCollision\btQuantizedBvh.cpp">
      <Filter>src</Filter>
    </ClCompile>
    <ClCompile Include="..\..\..\..\Dependencies\bullet3\src\BulletCollision\BroadphaseCollision\btSimpleBroadphase.cpp">
      <Filter>src</Filter>
    </ClCompile>
    <ClCompile Include="..\..\..\..\Dependencies\bullet3\src\BulletCollision\CollisionDispatch\btActivatingCollisionAlgorithm.cpp">
      <Filter>src</Filter>
    </ClCompile>
    <ClCompile Include="..\..\..\..\Dependencies\bullet3\src\BulletCollision\CollisionDispatch\btBox2dBox2dCollisionAlgorithm.cpp">
      <Filter>src</Filter>
    </ClCompile>
    <ClCompile Include="..\..\..\..\Dependencies\bullet3\src\BulletCollision\CollisionDispatch\btBoxBoxCollisionAlgorithm.cpp">
      <Filter>src</Filter>
    </ClCompile>
    <ClCompile Include="..\..\..\..\Dependencies\bullet3\src\BulletCollision\CollisionDispatch\btBoxBoxDetector.cpp">
      <Filter>src</Filter>
    </ClCompile>
    <ClCompile Include="..\..\..\..\Dependencies\bullet3\src\BulletCollision\CollisionDispatch\btCollisionDispatcher.cpp">
      <Filter>src</Filter>
    </ClCompile>
    <ClCompile Include="..\..\..\..\Dependencies\bullet3\src\BulletCollision\CollisionDispatch\btCollisionDispatcherMt.cpp">
      <Filter>src</Filter>
    </ClCompile>
    <ClCompile Include="..\..\..\..\Dependencies\bullet3\src\BulletCollision\CollisionDispatch\btCollisionObject.cpp">
      <Filter>src</Filter>
    </ClCompile>
    <ClCompile Include="..\..\..\..\Dependencies\bullet3\src\BulletCollision\CollisionDispatch\btCollisionWorld.cpp">
      <Filter>src</Filter>
    </ClCompile>
    <ClCompile Include="..\..\..\..\Dependencies\bullet3\src\BulletCollision\CollisionDispatch\btCollisionWorldImporter.cpp">
      <Filter>src</Filter>
    </ClCompile>
    <ClCompile Include="..\..\..\..\Dependencies\bullet3\src\BulletCollision\CollisionDispatch\btCompoundCollisionAlgorithm.cpp">
      <Filter>src</Filter>
    </ClCompile>
    <ClCompile Include="..\..\..\..\Dependencies\bullet3\src\BulletCollision\CollisionDispatch\btCompoundCompoundCollisionAlgorithm.cpp">
      <Filter>src</Filter>
    </ClCompile>
    <ClCompile Include="..\..\..\..\Dependencies\bullet3\src\BulletCollision\CollisionDispatch\btConvex2dConvex2dAlgorithm.cpp">
      <Filter>src</Filter>
    </ClCompile>
    <ClCompile Include="..\..\..\..\Dependencies\bullet3\src\BulletCollision\CollisionDispatch\btConvexConcaveCollisionAlgorithm.cpp">
      <Filter>src</Filter>
    </ClCompile>
    <ClCompile Include="..\..\..\..\Dependencies\bullet3\src\BulletCollision\CollisionDispatch\btConvexConvexAlgorithm.cpp">
      <Filter>src</Filter>
    </ClCompile>
    <ClCompile Include="..\..\..\..\Dependencies\bullet3\src\BulletCollision\CollisionDispatch\btConvexPlaneCollisionAlgorithm.cpp">
      <Filter>src</Filter>
    </ClCompile>
    <ClCompile Include="..\..\..\..\Dependencies\bullet3\src\BulletCollision\CollisionDispatch\btDefaultCollisionConfiguration.cpp">
      <Filter>src</Filter>
    </ClCompile>
    <ClCompile Include="..\..\..\..\Dependencies\bullet3\src\BulletCollision\CollisionDispatch\btEmptyCollisionAlgorithm.cpp">
      <Filter>src</Filter>
    </ClCompile>
    <ClCompile Include="..\..\..\..\Dependencies\bullet3\src\BulletCollision\CollisionDispatch\btGhostObject.cpp">
      <Filter>src</Filter>
    </ClCompile>
    <ClCompile Include="..\..\..\..\Dependencies\bullet3\src\BulletCollision\CollisionDispatch\btHashedSimplePairCache.cpp">
      <Filter>src</Filter>
    </ClCompile>
    <ClCompile Include="..\..\..\..\Dependencies\bullet3\src\BulletCollision\CollisionDispatch\btInternalEdgeUtility.cpp">
      <Filter>src</Filter>
    </ClCompile>
    <ClCompile Include="..\..\..\..\Dependencies\bullet3\src\BulletCollision\CollisionDispatch\btManifoldResult.cpp">
      <Filter>src</Filter>
    </ClCompile>
    <ClCompile Include="..\..\..\..\Dependencies\bullet3\src\BulletCollision\CollisionDispatch\btSimulationIslandManager.cpp">
      <Filter>src</Filter>
    </ClCompile>
    <ClCompile Include="..\..\..\..\Dependencies\bullet3\src\BulletCollision\CollisionDispatch\btSphereBoxCollisionAlgorithm.cpp">
      <Filter>src</Filter>
    </ClCompile>
    <ClCompile Include="..\..\..\..\Dependencies\bullet3\src\BulletCollision\CollisionDispatch\btSphereSphereCollisionAlgorithm.cpp">
      <Filter>src</Filter>
    </ClCompile>
    <ClCompile Include="..\..\..\..\Dependencies\bullet3\src\BulletCollision\CollisionDispatch\btSphereTriangleCollisionAlgorithm.cpp">
      <Filter>src</Filter>
    </ClCompile>
    <ClCompile Include="..\..\..\..\Dependencies\bullet3\src\BulletCollision\CollisionDispatch\btUnionFind.cpp">
      <Filter>src</Filter>
    </ClCompile>
    <ClCompile Include="..\..\..\..\Dependencies\bullet3\src\BulletCollision\CollisionDispatch\SphereTriangleDetector.cpp">
      <Filter>src</Filter>
    </ClCompile>
    <ClCompile Include="..\..\..\..\Dependencies\bullet3\src\BulletCollision\CollisionShapes\btBox2dShape.cpp">
      <Filter>src</Filter>
    </ClCompile>
    <ClCompile Include="..\..\..\..\Dependencies\bullet3\src\BulletCollision\CollisionShapes\btBoxShape.cpp">
      <Filter>src</Filter>
    </ClCompile>
    <ClCompile Include="..\..\..\..\Dependencies\bullet3\src\BulletCollision\CollisionShapes\btBvhTriangleMeshShape.cpp">
      <Filter>src</Filter>
    </ClCompile>
    <ClCompile Include="..\..\..\..\Dependencies\bullet3\src\BulletCollision\CollisionShapes\btCapsuleShape.cpp">
      <Filter>src</Filter>
    </ClCompile>
    <ClCompile Include="..\..\..\..\Dependencies\bullet3\src\BulletCollision\CollisionShapes\btCollisionShape.cpp">
      <Filter>src</Filter>
    </ClCompile>
    <ClCompile Include="..\..\..\..\Dependencies\bullet3\src\BulletCollision\CollisionShapes\btCompoundShape.cpp">
      <Filter>src</Filter>
    </ClCompile>
    <ClCompile Include="..\..\..\..\Dependencies\bullet3\src\BulletCollision\CollisionShapes\btConcaveShape.cpp">
      <Filter>src</Filter>
    </ClCompile>
    <ClCompile Include="..\..\..\..\Dependencies\bullet3\src\BulletCollision\CollisionShapes\btConeShape.cpp">
      <Filter>src</Filter>
    </ClCompile>
    <ClCompile Include="..\..\..\..\Dependencies\bullet3\src\BulletCollision\CollisionShapes\btConvex2dShape.cpp">
      <Filter>src</Filter>
    </ClCompile>
    <ClCompile Include="..\..\..\..\Dependencies\bullet3\src\BulletCollision\CollisionShapes\btConvexHullShape.cpp">
      <Filter>src</Filter>
    </ClCompile>
    <ClCompile Include="..\..\..\..\Dependencies\bullet3\src\BulletCollision\CollisionShapes\btConvexInternalShape.cpp">
      <Filter>src</Filter>
    </ClCompile>
    <ClCompile Include="..\..\..\..\Dependencies\bullet3\src\BulletCollision\CollisionShapes\btConvexPointCloudShape.cpp">
      <Filter>src</Filter>
    </ClCompile>
    <ClCompile Include="..\..\..\..\Dependencies\bullet3\src\BulletCollision\CollisionShapes\btConvexPolyhedron.cpp">
      <Filter>src</Filter>
    </ClCompile>
    <ClCompile Include="..\..\..\..\Dependencies\bullet3\src\BulletCollision\CollisionShapes\btConvexShape.cpp">
      <Filter>src</Filter>
    </ClCompile>
    <ClCompile Include="..\..\..\..\Dependencies\bullet3\src\BulletCollision\CollisionShapes\btConvexTriangleMeshShape.cpp">
      <Filter>src</Filter>
    </ClCompile>
    <ClCompile Include="..\..\..\..\Dependencies\bullet3\src\BulletCollision\CollisionShapes\btCylinderShape.cpp">
      <Filter>src</Filter>
    </ClCompile>
    <ClCompile Include="..\..\..\..\Dependencies\bullet3\src\BulletCollision\CollisionShapes\btEmptyShape.cpp">
      <Filter>src</Filter>
    </ClCompile>
    <ClCompile Include="..\..\..\..\Dependencies\bullet3\src\BulletCollision\CollisionShapes\btHeightfieldTerrainShape.cpp">
      <Filter>src</Filter>
    </ClCompile>
    <ClCompile Include="..\..\..\..\Dependencies\bullet3\src\BulletCollision\CollisionShapes\btMinkowskiSumShape.cpp">
      <Filter>src</Filter>
    </ClCompile>
    <ClCompile Include="..\..\..\..\Dependencies\bullet3\src\BulletCollision\CollisionShapes\btMultimaterialTriangleMeshShape.cpp">
      <Filter>src</Filter>
    </ClCompile>
    <ClCompile Include="..\..\..\..\Dependencies\bullet3\src\BulletCollision\CollisionShapes\btMultiSphereShape.cpp">
      <Filter>src</Filter>
    </ClCompile>
    <ClCompile Include="..\..\..\..\Dependencies\bullet3\src\BulletCollision\CollisionShapes\btOptimizedBvh.cpp">
      <Filter>src</Filter>
    </ClCompile>
    <ClCompile Include="..\..\..\..\Dependencies\bullet3\src\BulletCollision\CollisionShapes\btPolyhedralConvexShape.cpp">
      <Filter>src</Filter>
    </ClCompile>
    <ClCompile Include="..\..\..\..\Dependencies\bullet3\src\BulletCollision\CollisionShapes\btScaledBvhTriangleMeshShape.cpp">
      <Filter>src</Filter>
    </ClCompile>
    <ClCompile Include="..\..\..\..\Dependencies\bullet3\src\BulletCollision\CollisionShapes\btShapeHull.cpp">
      <Filter>src</Filter>
    </ClCompile>
    <ClCompile Include="..\..\..\..\Dependencies\bullet3\src\BulletCollision\CollisionShapes\btSphereShape.cpp">
      <Filter>src</Filter>
    </ClCompile>
    <ClCompile Include="..\..\..\..\Dependencies\bullet3\src\BulletCollision\CollisionShapes\btStaticPlaneShape.cpp">
      <Filter>src</Filter>
    </ClCompile>
    <ClCompile Include="..\..\..\..\Dependencies\bullet3\src\BulletCollision\CollisionShapes\btStridingMeshInterface.cpp">
      <Filter>src</Filter>
    </ClCompile>
    <ClCompile Include="..\..\..\..\Dependencies\bullet3\src\BulletCollision\CollisionShapes\btTetrahedronShape.cpp">
      <Filter>src</Filter>
    </ClCompile>
    <ClCompile Include="..\..\..\..\Dependencies\bullet3\src\BulletCollision\CollisionShapes\btTriangleBuffer.cpp">
      <Filter>src</Filter>
    </ClCompile>
    <ClCompile Include="..\..\..\..\Dependencies\bullet3\src\BulletCollision\CollisionShapes\btTriangleCallback.cpp">
      <Filter>src</Filter>
    </ClCompile>
    <ClCompile Include="..\..\..\..\Dependencies\bullet3\src\BulletCollision\CollisionShapes\btTriangleIndexVertexArray.cpp">
      <Filter>src</Filter>
    </ClCompile>
    <ClCompile Include="..\..\..\..\Dependencies\bullet3\src\BulletCollision\CollisionShapes\btTriangleIndexVertexMaterialArray.cpp">
      <Filter>src</Filter>
    </ClCompile>
    <ClCompile Include="..\..\..\..\Dependencies\bullet3\src\BulletCollision\CollisionShapes\btTriangleMesh.cpp">
      <Filter>src</Filter>
    </ClCompile>
    <ClCompile Include="..\..\..\..\Dependencies\bullet3\src\BulletCollision\CollisionShapes\btTriangleMeshShape.cpp">
      <Filter>src</Filter>
    </ClCompile>
    <ClCompile Include="..\..\..\..\Dependencies\bullet3\src\BulletCollision\CollisionShapes\btUniformScalingShape.cpp">
      <Filter>src</Filter>
    </ClCompile>
    <ClCompile Include="..\..\..\..\Dependencies\bullet3\src\BulletCollision\Gimpact\btContactProcessing.cpp">
      <Filter>src</Filter>
    </ClCompile>
    <ClCompile Include="..\..\..\..\Dependencies\bullet3\src\BulletCollision\Gimpact\btGenericPoolAllocator.cpp">
      <Filter>src</Filter>
    </ClCompile>
    <ClCompile Include="..\..\..\..\Dependencies\bullet3\src\BulletCollision\Gimpact\btGImpactBvh.cpp">
      <Filter>src</Filter>
    </ClCompile>
    <ClCompile Include="..\..\..\..\Dependencies\bullet3\src\BulletCollision\Gimpact\btGImpactCollisionAlgorithm.cpp">
      <Filter>src</Filter>
    </ClCompile>
    <ClCompile Include="..\..\..\..\Dependencies\bullet3\src\BulletCollision\Gimpact\btGImpactQuantizedBvh.cpp">
      <Filter>src</Filter>
    </ClCompile>
    <ClCompile Include="..\..\..\..\Dependencies\bullet3\src\BulletCollision\Gimpact\btGImpactShape.cpp">
      <Filter>src</Filter>
    </ClCompile>
    <ClCompile Include="..\..\..\..\Dependencies\bullet3\src\BulletCollision\Gimpact\btTriangleShapeEx.cpp">
      <Filter>src</Filter>
    </ClCompile>
    <ClCompile Include="..\..\..\..\Dependencies\bullet3\src\BulletCollision\Gimpact\gim_box_set.cpp">
      <Filter>src</Filter>
    </ClCompile>
    <ClCompile Include="..\..\..\..\Dependencies\bullet3\src\BulletCollision\Gimpact\gim_contact.cpp">
      <Filter>src</Filter>
    </ClCompile>
    <ClCompile Include="..\..\..\..\Dependencies\bullet3\src\BulletCollision\Gimpact\gim_memory.cpp">
      <Filter>src</Filter>
    </ClCompile>
    <ClCompile Include="..\..\..\..\Dependencies\bullet3\src\BulletCollision\Gimpact\gim_tri_collision.cpp">
      <Filter>src</Filter>
    </ClCompile>
    <ClCompile Include="..\..\..\..\Dependencies\bullet3\src\BulletCollision\NarrowPhaseCollision\btContinuousConvexCollision.cpp">
      <Filter>src</Filter>
    </ClCompile>
    <ClCompile Include="..\..\..\..\Dependencies\bullet3\src\BulletCollision\NarrowPhaseCollision\btConvexCast.cpp">
      <Filter>src</Filter>
    </ClCompile>
    <ClCompile Include="..\..\..\..\Dependencies\bullet3\src\BulletCollision\NarrowPhaseCollision\btGjkConvexCast.cpp">
      <Filter>src</Filter>
    </ClCompile>
    <ClCompile Include="..\..\..\..\Dependencies\bullet3\src\BulletCollision\NarrowPhaseCollision\btGjkEpa2.cpp">
      <Filter>src</Filter>
    </ClCompile>
    <ClCompile Include="..\..\..\..\Dependencies\bullet3\src\BulletCollision\NarrowPhaseCollision\btGjkEpaPenetrationDepthSolver.cpp">
      <Filter>src</Filter>
    </ClCompile>
    <ClCompile Include="..\..\..\..\Dependencies\bullet3\src\BulletCollision\NarrowPhaseCollision\btGjkPairDetector.cpp">
      <Filter>src</Filter>
    </ClCompile>
    <ClCompile Include="..\..\..\..\Dependencies\bullet3\src\BulletCollision\NarrowPhaseCollision\btMinkowskiPenetrationDepthSolver.cpp">
      <Filter>src</Filter>
    </ClCompile>
    <ClCompile Include="..\..\..\..\Dependencies\bullet3\src\BulletCollision\NarrowPhaseCollision\btPersistentManifold.cpp">
      <Filter>src</Filter>
    </ClCompile>
    <ClCompile Include="..\..\..\..\Dependencies\bullet3\src\BulletCollision\NarrowPhaseCollision\btPolyhedralContactClipping.cpp">
      <Filter>src</Filter>
    </ClCompile>
    <ClCompile Include="..\..\..\..\Dependencies\bullet3\src\BulletCollision\NarrowPhaseCollision\btRaycastCallback.cpp">
      <Filter>src</Filter>
    </ClCompile>
    <ClCompile Include="..\..\..\..\Dependencies\bullet3\src\BulletCollision\NarrowPhaseCollision\btSubSimplexConvexCast.cpp">
      <Filter>src</Filter>
    </ClCompile>
    <ClCompile Include="..\..\..\..\Dependencies\bullet3\src\BulletCollision\NarrowPhaseCollision\btVoronoiSimplexSolver.cpp">
      <Filter>src</Filter>
    </ClCompile>
    <ClCompile Include="..\..\..\..\Dependencies\bullet3\src\BulletDynamics\Character\btKinematicCharacterController.cpp">
      <Filter>src</Filter>
    </ClCompile>
    <ClCompile Include="..\..\..\..\Dependencies\bullet3\src\BulletDynamics\ConstraintSolver\btConeTwistConstraint.cpp">
      <Filter>src</Filter>
    </ClCompile>
    <ClCompile Include="..\..\..\..\Dependencies\bullet3\src\BulletDynamics\ConstraintSolver\btContactConstraint.cpp">
      <Filter>src</Filter>
    </ClCompile>
    <ClCompile Include="..\..\..\..\Dependencies\bullet3\src\BulletDynamics\ConstraintSolver\btFixedConstraint.cpp">
      <Filter>src</Filter>
    </ClCompile>
    <ClCompile Include="..\..\..\..\Dependencies\bullet3\src\BulletDynamics\ConstraintSolver\btGearConstraint.cpp">
      <Filter>src</Filter>
    </ClCompile>
    <ClCompile Include="..\..\..\..\Dependencies\bullet3\src\BulletDynamics\ConstraintSolver\btGeneric6DofConstraint.cpp">
      <Filter>src</Filter>
    </ClCompile>
    <ClCompile Include="..\..\..\..\Dependencies\bullet3\src\BulletDynamics\ConstraintSolver\btGeneric6DofSpring2Constraint.cpp">
      <Filter>src</Filter>
    </ClCompile>
    <ClCompile Include="..\..\..\..\Dependencies\bullet3\src\BulletDynamics\ConstraintSolver\btGeneric6DofSpringConstraint.cpp">
      <Filter>src</Filter>
    </ClCompile>
    <ClCompile Include="..\..\..\..\Dependencies\bullet3\src\BulletDynamics\ConstraintSolver\btHinge2Constraint.cpp">
      <Filter>src</Filter>
    </ClCompile>
    <ClCompile Include="..\..\..\..\Dependencies\bullet3\src\BulletDynamics\ConstraintSolver\btHingeConstraint.cpp">
      <Filter>src</Filter>
    </ClCompile>
    <ClCompile Include="..\..\..\..\Dependencies\bullet3\src\BulletDynamics\ConstraintSolver\btNNCGConstraintSolver.cpp">
      <Filter>src</Filter>
    </ClCompile>
    <ClCompile Include="..\..\..\..\Dependencies\bullet3\src\BulletDynamics\ConstraintSolver\btPoint2PointConstraint.cpp">
      <Filter>src</Filter>
    </ClCompile>
    <ClCompile Include="..\..\..\..\Dependencies\bullet3\src\BulletDynamics\ConstraintSolver\btSequentialImpulseConstraintSolver.cpp">
      <Filter>src</Filter>
    </ClCompile>
    <ClCompile Include="..\..\..\..\Dependencies\bullet3\src\BulletDynamics\ConstraintSolver\btSliderConstraint.cpp">
      <Filter>src</Filter>
    </ClCompile>
    <ClCompile Include="..\..\..\..\Dependencies\bullet3\src\BulletDynamics\ConstraintSolver\btSolve2LinearConstraint.cpp">
      <Filter>src</Filter>
    </ClCompile>
    <ClCompile Include="..\..\..\..\Dependencies\bullet3\src\BulletDynamics\ConstraintSolver\btTypedConstraint.cpp">
      <Filter>src</Filter>
    </ClCompile>
    <ClCompile Include="..\..\..\..\Dependencies\bullet3\src\BulletDynamics\ConstraintSolver\btUniversalConstraint.cpp">
      <Filter>src</Filter>
    </ClCompile>
    <ClCompile Include="..\..\..\..\Dependencies\bullet3\src\BulletDynamics\Dynamics\btDiscreteDynamicsWorld.cpp">
      <Filter>src</Filter>
    </ClCompile>
    <ClCompile Include="..\..\..\..\Dependencies\bullet3\src\BulletDynamics\Dynamics\btDiscreteDynamicsWorldMt.cpp">
      <Filter>src</Filter>
    </ClCompile>
    <ClCompile Include="..\..\..\..\Dependencies\bullet3\src\BulletDynamics\Dynamics\btRigidBody.cpp">
      <Filter>src</Filter>
    </ClCompile>
    <ClCompile Include="..\..\..\..\Dependencies\bullet3\src\BulletDynamics\Dynamics\btSimpleDynamicsWorld.cpp">
      <Filter>src</Filter>
    </ClCompile>
    <ClCompile Include="..\..\..\..\Dependencies\bullet3\src\BulletDynamics\Dynamics\btSimulationIslandManagerMt.cpp">
      <Filter>src</Filter>
    </ClCompile>
    <ClCompile Include="..\..\..\..\Dependencies\bullet3\src\BulletDynamics\Featherstone\btMultiBody.cpp">
      <Filter>src</Filter>
    </ClCompile>
    <ClCompile Include="..\..\..\..\Dependencies\bullet3\src\BulletDynamics\Featherstone\btMultiBodyConstraint.cpp">
      <Filter>src</Filter>
    </ClCompile>
    <ClCompile Include="..\..\..\..\Dependencies\bullet3\src\BulletDynamics\Featherstone\btMultiBodyConstraintSolver.cpp">
      <Filter>src</Filter>
    </ClCompile>
    <ClCompile Include="..\..\..\..\Dependencies\bullet3\src\BulletDynamics\Featherstone\btMultiBodyDynamicsWorld.cpp">
      <Filter>src</Filter>
    </ClCompile>
    <ClCompile Include="..\..\..\..\Dependencies\bullet3\src\BulletDynamics\Featherstone\btMultiBodyFixedConstraint.cpp">
      <Filter>src</Filter>
    </ClCompile>
    <ClCompile Include="..\..\..\..\Dependencies\bullet3\src\BulletDynamics\Featherstone\btMultiBodyGearConstraint.cpp">
      <Filter>src</Filter>
    </ClCompile>
    <ClCompile Include="..\..\..\..\Dependencies\bullet3\src\BulletDynamics\Featherstone\btMultiBodyJointLimitConstraint.cpp">
      <Filter>src</Filter>
    </ClCompile>
    <ClCompile Include="..\..\..\..\Dependencies\bullet3\src\BulletDynamics\Featherstone\btMultiBodyJointMotor.cpp">
      <Filter>src</Filter>
    </ClCompile>
    <ClCompile Include="..\..\..\..\Dependencies\bullet3\src\BulletDynamics\Featherstone\btMultiBodyPoint2Point.cpp">
      <Filter>src</Filter>
    </ClCompile>
    <ClCompile Include="..\..\..\..\Dependencies\bullet3\src\BulletDynamics\Featherstone\btMultiBodySliderConstraint.cpp">
      <Filter>src</Filter>
    </ClCompile>
    <ClCompile Include="..\..\..\..\Dependencies\bullet3\src\BulletDynamics\MLCPSolvers\btDantzigLCP.cpp">
      <Filter>src</Filter>
    </ClCompile>
    <ClCompile Include="..\..\..\..\Dependencies\bullet3\src\BulletDynamics\MLCPSolvers\btLemkeAlgorithm.cpp">
      <Filter>src</Filter>
    </ClCompile>
    <ClCompile Include="..\..\..\..\Dependencies\bullet3\src\BulletDynamics\MLCPSolvers\btMLCPSolver.cpp">
      <Filter>src</Filter>
    </ClCompile>
    <ClCompile Include="..\..\..\..\Dependencies\bullet3\src\BulletDynamics\Vehicle\btRaycastVehicle.cpp">
      <Filter>src</Filter>
    </ClCompile>
    <ClCompile Include="..\..\..\..\Dependencies\bullet3\src\BulletDynamics\Vehicle\btWheelInfo.cpp">
      <Filter>src</Filter>
    </ClCompile>
    <ClCompile Include="..\..\..\..\Dependencies\bullet3\src\BulletInverseDynamics\IDMath.cpp">
      <Filter>src</Filter>
    </ClCompile>
    <ClCompile Include="..\..\..\..\Dependencies\bullet3\src\BulletInverseDynamics\MultiBodyTree.cpp">
      <Filter>src</Filter>
    </ClCompile>
    <ClCompile Include="..\..\..\..\Dependencies\bullet3\src\BulletInverseDynamics\details\MultiBodyTreeImpl.cpp">
      <Filter>src</Filter>
    </ClCompile>
    <ClCompile Include="..\..\..\..\Dependencies\bullet3\src\BulletInverseDynamics\details\MultiBodyTreeInitCache.cpp">
      <Filter>src</Filter>
    </ClCompile>
    <ClCompile Include="..\..\..\..\Dependencies\bullet3\src\BulletSoftBody\btDefaultSoftBodySolver.cpp">
      <Filter>src</Filter>
    </ClCompile>
    <ClCompile Include="..\..\..\..\Dependencies\bullet3\src\BulletSoftBody\btSoftBody.cpp">
      <Filter>src</Filter>
    </ClCompile>
    <ClCompile Include="..\..\..\..\Dependencies\bullet3\src\BulletSoftBody\btSoftBodyConcaveCollisionAlgorithm.cpp">
      <Filter>src</Filter>
    </ClCompile>
    <ClCompile Include="..\..\..\..\Dependencies\bullet3\src\BulletSoftBody\btSoftBodyHelpers.cpp">
      <Filter>src</Filter>
    </ClCompile>
    <ClCompile Include="..\..\..\..\Dependencies\bullet3\src\BulletSoftBody\btSoftBodyRigidBodyCollisionConfiguration.cpp">
      <Filter>src</Filter>
    </ClCompile>
    <ClCompile Include="..\..\..\..\Dependencies\bullet3\src\BulletSoftBody\btSoftMultiBodyDynamicsWorld.cpp">
      <Filter>src</Filter>
    </ClCompile>
    <ClCompile Include="..\..\..\..\Dependencies\bullet3\src\BulletSoftBody\btSoftRigidCollisionAlgorithm.cpp">
      <Filter>src</Filter>
    </ClCompile>
    <ClCompile Include="..\..\..\..\Dependencies\bullet3\src\BulletSoftBody\btSoftRigidDynamicsWorld.cpp">
      <Filter>src</Filter>
    </ClCompile>
    <ClCompile Include="..\..\..\..\Dependencies\bullet3\src\BulletSoftBody\btSoftSoftCollisionAlgorithm.cpp">
      <Filter>src</Filter>
    </ClCompile>
    <ClCompile Include="..\..\..\..\Dependencies\bullet3\src\clew\clew.c">
      <Filter>src</Filter>
    </ClCompile>
    <ClCompile Include="..\..\..\..\Dependencies\bullet3\src\LinearMath\btAlignedAllocator.cpp">
      <Filter>src</Filter>
    </ClCompile>
    <ClCompile Include="..\..\..\..\Dependencies\bullet3\src\LinearMath\btConvexHull.cpp">
      <Filter>src</Filter>
    </ClCompile>
    <ClCompile Include="..\..\..\..\Dependencies\bullet3\src\LinearMath\btConvexHullComputer.cpp">
      <Filter>src</Filter>
    </ClCompile>
    <ClCompile Include="..\..\..\..\Dependencies\bullet3\src\LinearMath\btGeometryUtil.cpp">
      <Filter>src</Filter>
    </ClCompile>
    <ClCompile Include="..\..\..\..\Dependencies\bullet3\src\LinearMath\btPolarDecomposition.cpp">
      <Filter>src</Filter>
    </ClCompile>
    <ClCompile Include="..\..\..\..\Dependencies\bullet3\src\LinearMath\btQuickprof.cpp">
      <Filter>src</Filter>
    </ClCompile>
    <ClCompile Include="..\..\..\..\Dependencies\bullet3\src\LinearMath\btSerializer.cpp">
      <Filter>src</Filter>
    </ClCompile>
    <ClCompile Include="..\..\..\..\Dependencies\bullet3\src\LinearMath\btSerializer64.cpp">
      <Filter>src</Filter>
    </ClCompile>
    <ClCompile Include="..\..\..\..\Dependencies\bullet3\src\LinearMath\btThreads.cpp">
      <Filter>src</Filter>
    </ClCompile>
    <ClCompile Include="..\..\..\..\Dependencies\bullet3\src\LinearMath\btVector3.cpp">
      <Filter>src</Filter>
    </ClCompile>
  </ItemGroup>
  <ItemGroup>
    <None Include="..\..\..\..\Dependencies\bullet3\src\Bullet3OpenCL\BroadphaseCollision\kernels\gridBroadphase.cl">
      <Filter>src</Filter>
    </None>
    <None Include="..\..\..\..\Dependencies\bullet3\src\Bullet3OpenCL\BroadphaseCollision\kernels\parallelLinearBvh.cl">
      <Filter>src</Filter>
    </None>
    <None Include="..\..\..\..\Dependencies\bullet3\src\Bullet3OpenCL\BroadphaseCollision\kernels\sap.cl">
      <Filter>src</Filter>
    </None>
    <None Include="..\..\..\..\Dependencies\bullet3\src\Bullet3OpenCL\NarrowphaseCollision\kernels\bvhTraversal.cl">
      <Filter>src</Filter>
    </None>
    <None Include="..\..\..\..\Dependencies\bullet3\src\Bullet3OpenCL\NarrowphaseCollision\kernels\mpr.cl">
      <Filter>src</Filter>
    </None>
    <None Include="..\..\..\..\Dependencies\bullet3\src\Bullet3OpenCL\NarrowphaseCollision\kernels\primitiveContacts.cl">
      <Filter>src</Filter>
    </None>
    <None Include="..\..\..\..\Dependencies\bullet3\src\Bullet3OpenCL\NarrowphaseCollision\kernels\sat.cl">
      <Filter>src</Filter>
    </None>
    <None Include="..\..\..\..\Dependencies\bullet3\src\Bullet3OpenCL\NarrowphaseCollision\kernels\satClipHullContacts.cl">
      <Filter>src</Filter>
    </None>
    <None Include="..\..\..\..\Dependencies\bullet3\src\Bullet3OpenCL\NarrowphaseCollision\kernels\satConcave.cl">
      <Filter>src</Filter>
    </None>
    <None Include="..\..\..\..\Dependencies\bullet3\src\Bullet3OpenCL\ParallelPrimitives\kernels\BoundSearchKernels.cl">
      <Filter>src</Filter>
    </None>
    <None Include="..\..\..\..\Dependencies\bullet3\src\Bullet3OpenCL\ParallelPrimitives\kernels\CopyKernels.cl">
      <Filter>src</Filter>
    </None>
    <None Include="..\..\..\..\Dependencies\bullet3\src\Bullet3OpenCL\ParallelPrimitives\kernels\FillKernels.cl">
      <Filter>src</Filter>
    </None>
    <None Include="..\..\..\..\Dependencies\bullet3\src\Bullet3OpenCL\ParallelPrimitives\kernels\PrefixScanFloat4Kernels.cl">
      <Filter>src</Filter>
    </None>
    <None Include="..\..\..\..\Dependencies\bullet3\src\Bullet3OpenCL\ParallelPrimitives\kernels\PrefixScanKernels.cl">
      <Filter>src</Filter>
    </None>
    <None Include="..\..\..\..\Dependencies\bullet3\src\Bullet3OpenCL\ParallelPrimitives\kernels\RadixSort32Kernels.cl">
      <Filter>src</Filter>
    </None>
    <None Include="..\..\..\..\Dependencies\bullet3\src\Bullet3OpenCL\Raycast\kernels\rayCastKernels.cl">
      <Filter>src</Filter>
    </None>
    <None Include="..\..\..\..\Dependencies\bullet3\src\Bullet3OpenCL\RigidBody\kernels\batchingKernels.cl">
      <Filter>src</Filter>
    </None>
    <None Include="..\..\..\..\Dependencies\bullet3\src\Bullet3OpenCL\RigidBody\kernels\batchingKernelsNew.cl">
      <Filter>src</Filter>
    </None>
    <None Include="..\..\..\..\Dependencies\bullet3\src\Bullet3OpenCL\RigidBody\kernels\integrateKernel.cl">
      <Filter>src</Filter>
    </None>
    <None Include="..\..\..\..\Dependencies\bullet3\src\Bullet3OpenCL\RigidBody\kernels\jointSolver.cl">
      <Filter>src</Filter>
    </None>
    <None Include="..\..\..\..\Dependencies\bullet3\src\Bullet3OpenCL\RigidBody\kernels\solveContact.cl">
      <Filter>src</Filter>
    </None>
    <None Include="..\..\..\..\Dependencies\bullet3\src\Bullet3OpenCL\RigidBody\kernels\solveFriction.cl">
      <Filter>src</Filter>
    </None>
    <None Include="..\..\..\..\Dependencies\bullet3\src\Bullet3OpenCL\RigidBody\kernels\solverSetup.cl">
      <Filter>src</Filter>
    </None>
    <None Include="..\..\..\..\Dependencies\bullet3\src\Bullet3OpenCL\RigidBody\kernels\solverSetup2.cl">
      <Filter>src</Filter>
    </None>
    <None Include="..\..\..\..\Dependencies\bullet3\src\Bullet3OpenCL\RigidBody\kernels\solverUtils.cl">
      <Filter>src</Filter>
    </None>
    <None Include="..\..\..\..\Dependencies\bullet3\src\Bullet3OpenCL\RigidBody\kernels\updateAabbsKernel.cl">
      <Filter>src</Filter>
    </None>
  </ItemGroup>
</Project>